{
  "name": "trainerbookbackend",
  "version": "1.0.0",
  "lockfileVersion": 1,
  "requires": true,
  "dependencies": {
    "bazooka-node": {
      "version": "4.1.6",
      "resolved": "http://nexus.app.iaf:8081/nexus/repository/onpm/bazooka-node/-/bazooka-node-4.1.6.tgz",
      "integrity": "sha1-SWvSqmtwF7TY/NOA6K8tDlvJU98=",
      "requires": {
        "lodash": "4.17.10",
        "node-zookeeper-client": "0.2.2",
        "rxjs": "6.2.1",
        "winston": "2.3.1"
      },
      "dependencies": {
        "lodash": {
          "version": "4.17.10",
          "resolved": "http://nexus.app.iaf:8081/nexus/repository/onpm/lodash/-/lodash-4.17.10.tgz",
          "integrity": "sha512-UejweD1pDoXu+AD825lWwp4ZGtSwgnpZxb3JDViD7StjQz+Nb/6l093lx4OQ0foGWNRoc19mWy7BzL+UAK2iVg=="
        },
        "node-zookeeper-client": {
          "version": "0.2.2",
          "resolved": "http://nexus.app.iaf:8081/nexus/repository/onpm/node-zookeeper-client/-/node-zookeeper-client-0.2.2.tgz",
          "integrity": "sha1-GdGruOplcqHsj75cbWsQrOIeKi8=",
          "requires": {
            "async": "~0.2.7",
            "underscore": "~1.4.4"
          },
          "dependencies": {
            "async": {
              "version": "0.2.10",
              "resolved": "http://nexus.app.iaf:8081/nexus/repository/onpm/async/-/async-0.2.10.tgz",
              "integrity": "sha1-UoftKozhnR0MUfHItEPc7Qqln2w="
            },
            "underscore": {
              "version": "1.4.4",
              "resolved": "http://nexus.app.iaf:8081/nexus/repository/onpm/underscore/-/underscore-1.4.4.tgz",
              "integrity": "sha1-3vR7QUP/WtTSwRnBe1oLLTt090s="
            }
          }
        },
        "rxjs": {
          "version": "6.2.1",
          "resolved": "http://nexus.app.iaf:8081/nexus/repository/onpm/rxjs/-/rxjs-6.2.1.tgz",
          "integrity": "sha1-O1kCoVkxp3cUQqdHQy5NAoBlerg=",
          "requires": {
            "tslib": "^1.9.0"
          },
          "dependencies": {
            "tslib": {
              "version": "1.10.0",
              "resolved": "http://nexus.app.iaf:8081/nexus/repository/onpm/tslib/-/tslib-1.10.0.tgz",
              "integrity": "sha1-w8GflZc/sKYpc/sJ2Q2WHuQ+XIo="
            }
          }
        },
        "winston": {
          "version": "2.3.1",
          "resolved": "http://nexus.app.iaf:8081/nexus/repository/onpm/winston/-/winston-2.3.1.tgz",
          "integrity": "sha1-1W5h4yKMF/KzdT1puYVmGvCyRmk=",
          "requires": {
            "async": "~1.0.0",
            "colors": "1.0.x",
            "cycle": "1.0.x",
            "eyes": "0.1.x",
            "isstream": "0.1.x",
            "stack-trace": "0.0.x"
          },
          "dependencies": {
            "async": {
              "version": "1.0.0",
              "resolved": "http://nexus.app.iaf:8081/nexus/repository/onpm/async/-/async-1.0.0.tgz",
              "integrity": "sha1-XbF51XEOA6EhZ7zgCHSs04DTmfA="
            },
            "colors": {
              "version": "1.0.3",
              "resolved": "http://nexus.app.iaf:8081/nexus/repository/onpm/colors/-/colors-1.0.3.tgz",
              "integrity": "sha1-lnWx5IlRkFmy7Y8NcU/X3yvUwj0="
            },
            "cycle": {
              "version": "1.0.3",
              "resolved": "http://nexus.app.iaf:8081/nexus/repository/onpm/cycle/-/cycle-1.0.3.tgz",
              "integrity": "sha1-N8Wsp7Q6NRwKBYX6Tk5DzjwhBUg="
            },
            "eyes": {
              "version": "0.1.8",
              "resolved": "http://nexus.app.iaf:8081/nexus/repository/onpm/eyes/-/eyes-0.1.8.tgz",
              "integrity": "sha1-OfynQCxuwDjoYE4km4Fsvsu9DDY="
            },
            "isstream": {
              "version": "0.1.2",
              "resolved": "http://nexus.app.iaf:8081/nexus/repository/onpm/isstream/-/isstream-0.1.2.tgz",
              "integrity": "sha1-R+Y/evVa+m+S4VAOaQ64uFKcCZo="
            },
            "stack-trace": {
              "version": "0.0.10",
              "resolved": "http://nexus.app.iaf:8081/nexus/repository/onpm/stack-trace/-/stack-trace-0.0.10.tgz",
              "integrity": "sha1-VHxws0fo0ytOEI6hoqFZ5f3eGcA="
            }
          }
        }
      }
    },
    "body-parser": {
      "version": "1.19.0",
      "resolved": "http://nexus.app.iaf:8081/nexus/repository/onpm/body-parser/-/body-parser-1.19.0.tgz",
      "integrity": "sha1-m0g+Z3wMmi3bnxG6f77VpJZQuRQ=",
      "requires": {
        "bytes": "3.1.0",
        "content-type": "~1.0.4",
        "debug": "2.6.9",
        "depd": "~1.1.2",
        "http-errors": "1.7.2",
        "iconv-lite": "0.4.24",
        "on-finished": "~2.3.0",
        "qs": "6.7.0",
        "raw-body": "2.4.0",
        "type-is": "~1.6.17"
      },
      "dependencies": {
        "bytes": {
          "version": "3.1.0",
          "resolved": "http://nexus.app.iaf:8081/nexus/repository/onpm/bytes/-/bytes-3.1.0.tgz",
          "integrity": "sha1-ZcFismfM8qHuI9znQzT5xOVSzyY="
        },
        "content-type": {
          "version": "1.0.4",
          "resolved": "http://nexus.app.iaf:8081/nexus/repository/onpm/content-type/-/content-type-1.0.4.tgz",
          "integrity": "sha1-fBeBaZ3KAWsvoGCFLnV3hWYT+Wo="
        },
        "debug": {
          "version": "2.6.9",
          "resolved": "http://nexus.app.iaf:8081/nexus/repository/onpm/debug/-/debug-2.6.9.tgz",
          "integrity": "sha1-kkHCSusmEMhd3/R8lIkokViDDgo=",
          "requires": {
            "ms": "2.0.0"
          },
          "dependencies": {
            "ms": {
              "version": "2.0.0",
              "resolved": "http://nexus.app.iaf:8081/nexus/repository/onpm/ms/-/ms-2.0.0.tgz",
              "integrity": "sha1-vYtFoMW0T4mQxFlFXnVBhEqQG8Y="
            }
          }
        },
        "depd": {
          "version": "1.1.2",
          "resolved": "http://nexus.app.iaf:8081/nexus/repository/onpm/depd/-/depd-1.1.2.tgz",
          "integrity": "sha1-qLDq5RoFGj86H+lDcouQleTTtIM="
        },
        "http-errors": {
          "version": "1.7.2",
          "resolved": "http://nexus.app.iaf:8081/nexus/repository/onpm/http-errors/-/http-errors-1.7.2.tgz",
          "integrity": "sha1-HFkOcivuhDs5+4noyWF+OrVEsV0=",
          "requires": {
            "depd": "~1.1.2",
            "inherits": "2.0.3",
            "setprototypeof": "1.1.1",
            "statuses": ">= 1.5.0 < 2",
            "toidentifier": "1.0.0"
          },
          "dependencies": {
            "inherits": {
              "version": "2.0.3",
              "resolved": "http://nexus.app.iaf:8081/nexus/repository/onpm/inherits/-/inherits-2.0.3.tgz",
              "integrity": "sha1-Yzwsg+PaQqUC9SRmAiSA9CCCYd4="
            },
            "setprototypeof": {
              "version": "1.1.1",
              "resolved": "http://nexus.app.iaf:8081/nexus/repository/onpm/setprototypeof/-/setprototypeof-1.1.1.tgz",
              "integrity": "sha1-YW7zf74GOyuPU59cHasCyDbdQhI="
            },
            "statuses": {
              "version": "1.5.0",
              "resolved": "http://nexus.app.iaf:8081/nexus/repository/onpm/statuses/-/statuses-1.5.0.tgz",
              "integrity": "sha1-ZjUEQDeETiNcBf4OH27mrxWqYVw="
            },
            "toidentifier": {
              "version": "1.0.0",
              "resolved": "http://nexus.app.iaf:8081/nexus/repository/onpm/toidentifier/-/toidentifier-1.0.0.tgz",
              "integrity": "sha1-FJfVs3vkgwfylziEDfVYjt7Dq+8="
            }
          }
        },
        "iconv-lite": {
          "version": "0.4.24",
          "resolved": "http://nexus.app.iaf:8081/nexus/repository/onpm/iconv-lite/-/iconv-lite-0.4.24.tgz",
          "integrity": "sha1-qkG9nIWvAE64muAQkK5tiZ+tFQs=",
          "requires": {
            "safer-buffer": ">= 2.1.2 < 3"
          },
          "dependencies": {
            "safer-buffer": {
              "version": "2.1.2",
              "resolved": "http://nexus.app.iaf:8081/nexus/repository/onpm/safer-buffer/-/safer-buffer-2.1.2.tgz",
              "integrity": "sha1-bzQga8Ttae2+8e1Q/vz4FDi62hY="
            }
          }
        },
        "on-finished": {
          "version": "2.3.0",
          "resolved": "http://nexus.app.iaf:8081/nexus/repository/onpm/on-finished/-/on-finished-2.3.0.tgz",
          "integrity": "sha1-5OY7nsFH3QE45BSDrlssTrQwIvo=",
          "requires": {
            "ee-first": "1.1.1"
          },
          "dependencies": {
            "ee-first": {
              "version": "1.1.1",
              "resolved": "http://nexus.app.iaf:8081/nexus/repository/onpm/ee-first/-/ee-first-1.1.1.tgz",
              "integrity": "sha1-fK2yUj1ZNQl6IaA9rD/Z7lNHJQY="
            }
          }
        },
        "qs": {
          "version": "6.7.0",
          "resolved": "http://nexus.app.iaf:8081/nexus/repository/onpm/qs/-/qs-6.7.0.tgz",
          "integrity": "sha512-VCdBRNFTX1fyE7Nb6FYoURo/SPe62QCaAyzJvUjwRaIsc+NePBEniHlvxFmmX56+HZphIGtV0XeCirBtpDrTyQ=="
        },
        "raw-body": {
          "version": "2.4.0",
          "resolved": "http://nexus.app.iaf:8081/nexus/repository/onpm/raw-body/-/raw-body-2.4.0.tgz",
          "integrity": "sha1-gtV6HP7lb9K8Xj8CRBJmGERRgS8=",
          "requires": {
            "bytes": "3.1.0",
            "http-errors": "1.7.2",
            "iconv-lite": "0.4.24",
            "unpipe": "1.0.0"
          },
          "dependencies": {
            "unpipe": {
              "version": "1.0.0",
              "resolved": "http://nexus.app.iaf:8081/nexus/repository/onpm/unpipe/-/unpipe-1.0.0.tgz",
              "integrity": "sha1-3eMp4adFfxDBE3UVLiN65wHTvYo="
            }
          }
        },
        "type-is": {
          "version": "1.6.18",
          "resolved": "http://nexus.app.iaf:8081/nexus/repository/onpm/type-is/-/type-is-1.6.18.tgz",
          "integrity": "sha1-sv0amMkn8MUN5m82JFK2Xd+qh60=",
          "requires": {
            "media-typer": "0.3.0",
            "mime-types": "~2.1.24"
          },
          "dependencies": {
            "media-typer": {
              "version": "0.3.0",
              "resolved": "http://nexus.app.iaf:8081/nexus/repository/onpm/media-typer/-/media-typer-0.3.0.tgz",
              "integrity": "sha1-7QWuUyJJaN11Li2lldCEu1UVaAE="
            },
            "mime-types": {
              "version": "2.1.26",
              "resolved": "http://nexus.app.iaf:8081/nexus/repository/onpm/mime-types/-/mime-types-2.1.26.tgz",
              "integrity": "sha512-01paPWYgLrkqAyrlDorC1uDwl2p3qZT7yl806vW7DvDoxwXi46jsjFbg+WdwotBIk6/MbEhO/dh5aZ5sNj/dWQ==",
              "requires": {
                "mime-db": "1.43.0"
              },
              "dependencies": {
                "mime-db": {
                  "version": "1.43.0",
                  "resolved": "http://nexus.app.iaf:8081/nexus/repository/onpm/mime-db/-/mime-db-1.43.0.tgz",
                  "integrity": "sha512-+5dsGEEovYbT8UY9yD7eE4XTc4UwJ1jBYlgaQQF38ENsKR3wj/8q8RFZrF9WIZpB2V1ArTVFUva8sAul1NzRzQ=="
                }
              }
            }
          }
        }
      }
    },
    "cors": {
      "version": "2.8.5",
      "resolved": "http://nexus.app.iaf:8081/nexus/repository/onpm/cors/-/cors-2.8.5.tgz",
      "integrity": "sha1-2e0xIcPuNDim29/A1FcpoW4NikY=",
      "requires": {
        "object-assign": "^4",
        "vary": "^1"
      },
      "dependencies": {
        "object-assign": {
          "version": "4.1.1",
          "resolved": "http://nexus.app.iaf:8081/nexus/repository/onpm/object-assign/-/object-assign-4.1.1.tgz",
          "integrity": "sha1-IQmtx5ZYh8/AXLvUQsrIv7s2CGM="
        },
        "vary": {
          "version": "1.1.2",
          "resolved": "http://nexus.app.iaf:8081/nexus/repository/onpm/vary/-/vary-1.1.2.tgz",
          "integrity": "sha1-KxLBsAJ330xuobu8fVSF96FcsLc="
        }
      }
    },
    "express": {
      "version": "4.17.1",
      "resolved": "http://nexus.app.iaf:8081/nexus/repository/onpm/express/-/express-4.17.1.tgz",
      "integrity": "sha1-5QkNsu4uFhvfN/rSuqYVFVpJn0E=",
      "requires": {
        "accepts": "~1.3.7",
        "array-flatten": "1.1.1",
        "body-parser": "1.19.0",
        "content-disposition": "0.5.3",
        "content-type": "~1.0.4",
        "cookie": "0.4.0",
        "cookie-signature": "1.0.6",
        "debug": "2.6.9",
        "depd": "~1.1.2",
        "encodeurl": "~1.0.2",
        "escape-html": "~1.0.3",
        "etag": "~1.8.1",
        "finalhandler": "~1.1.2",
        "fresh": "0.5.2",
        "merge-descriptors": "1.0.1",
        "methods": "~1.1.2",
        "on-finished": "~2.3.0",
        "parseurl": "~1.3.3",
        "path-to-regexp": "0.1.7",
        "proxy-addr": "~2.0.5",
        "qs": "6.7.0",
        "range-parser": "~1.2.1",
        "safe-buffer": "5.1.2",
        "send": "0.17.1",
        "serve-static": "1.14.1",
        "setprototypeof": "1.1.1",
        "statuses": "~1.5.0",
        "type-is": "~1.6.18",
        "utils-merge": "1.0.1",
        "vary": "~1.1.2"
      },
      "dependencies": {
        "accepts": {
          "version": "1.3.7",
          "resolved": "http://nexus.app.iaf:8081/nexus/repository/onpm/accepts/-/accepts-1.3.7.tgz",
          "integrity": "sha1-kStTgyWzGY/O17BmOCwAVKkY/IE=",
          "requires": {
            "mime-types": "~2.1.24",
            "negotiator": "0.6.2"
          },
          "dependencies": {
            "mime-types": {
              "version": "2.1.26",
              "resolved": "http://nexus.app.iaf:8081/nexus/repository/onpm/mime-types/-/mime-types-2.1.26.tgz",
              "integrity": "sha512-01paPWYgLrkqAyrlDorC1uDwl2p3qZT7yl806vW7DvDoxwXi46jsjFbg+WdwotBIk6/MbEhO/dh5aZ5sNj/dWQ==",
              "requires": {
                "mime-db": "1.43.0"
              },
              "dependencies": {
                "mime-db": {
                  "version": "1.43.0",
                  "resolved": "http://nexus.app.iaf:8081/nexus/repository/onpm/mime-db/-/mime-db-1.43.0.tgz",
                  "integrity": "sha512-+5dsGEEovYbT8UY9yD7eE4XTc4UwJ1jBYlgaQQF38ENsKR3wj/8q8RFZrF9WIZpB2V1ArTVFUva8sAul1NzRzQ=="
                }
              }
            },
            "negotiator": {
              "version": "0.6.2",
              "resolved": "http://nexus.app.iaf:8081/nexus/repository/onpm/negotiator/-/negotiator-0.6.2.tgz",
              "integrity": "sha1-xYzTd980VyYBdjGPM/+L/irbMrI="
            }
          }
        },
        "array-flatten": {
          "version": "1.1.1",
          "resolved": "http://nexus.app.iaf:8081/nexus/repository/onpm/array-flatten/-/array-flatten-1.1.1.tgz",
          "integrity": "sha1-WuKcjuMyFJW5neZMjBUXIEGvzVA="
        },
        "content-disposition": {
          "version": "0.5.3",
          "resolved": "http://nexus.app.iaf:8081/nexus/repository/onpm/content-disposition/-/content-disposition-0.5.3.tgz",
          "integrity": "sha1-O9rmr/phMmrEQhdKj+oWUtdG1FY=",
          "requires": {
            "safe-buffer": "5.1.2"
          }
        },
        "content-type": {
          "version": "1.0.4",
          "resolved": "http://nexus.app.iaf:8081/nexus/repository/onpm/content-type/-/content-type-1.0.4.tgz",
          "integrity": "sha1-fBeBaZ3KAWsvoGCFLnV3hWYT+Wo="
        },
        "cookie": {
          "version": "0.4.0",
          "resolved": "http://nexus.app.iaf:8081/nexus/repository/onpm/cookie/-/cookie-0.4.0.tgz",
          "integrity": "sha1-kaCU4jzoCOS9+26eEqqIab4AlV8="
        },
        "cookie-signature": {
          "version": "1.0.6",
          "resolved": "http://nexus.app.iaf:8081/nexus/repository/onpm/cookie-signature/-/cookie-signature-1.0.6.tgz",
          "integrity": "sha1-YgIhjQIY2tjrqpoMsW+P/h/LDOk="
        },
        "debug": {
          "version": "2.6.9",
          "resolved": "http://nexus.app.iaf:8081/nexus/repository/onpm/debug/-/debug-2.6.9.tgz",
          "integrity": "sha1-kkHCSusmEMhd3/R8lIkokViDDgo=",
          "requires": {
            "ms": "2.0.0"
          },
          "dependencies": {
            "ms": {
              "version": "2.0.0",
              "resolved": "http://nexus.app.iaf:8081/nexus/repository/onpm/ms/-/ms-2.0.0.tgz",
              "integrity": "sha1-vYtFoMW0T4mQxFlFXnVBhEqQG8Y="
            }
          }
        },
        "depd": {
          "version": "1.1.2",
          "resolved": "http://nexus.app.iaf:8081/nexus/repository/onpm/depd/-/depd-1.1.2.tgz",
          "integrity": "sha1-qLDq5RoFGj86H+lDcouQleTTtIM="
        },
        "encodeurl": {
          "version": "1.0.2",
          "resolved": "http://nexus.app.iaf:8081/nexus/repository/onpm/encodeurl/-/encodeurl-1.0.2.tgz",
          "integrity": "sha1-iEJgCDQSzN0EmqHHrHF8jFwjPVY="
        },
        "escape-html": {
          "version": "1.0.3",
          "resolved": "http://nexus.app.iaf:8081/nexus/repository/onpm/escape-html/-/escape-html-1.0.3.tgz",
          "integrity": "sha1-7oqyBo3T2tHHYZpKy3ZMQtI96TY="
        },
        "etag": {
          "version": "1.8.1",
          "resolved": "http://nexus.app.iaf:8081/nexus/repository/onpm/etag/-/etag-1.8.1.tgz",
          "integrity": "sha1-jT9Bk1GbWltqJUi1w6h9PUSMcFg="
        },
        "finalhandler": {
          "version": "1.1.2",
          "resolved": "http://nexus.app.iaf:8081/nexus/repository/onpm/finalhandler/-/finalhandler-1.1.2.tgz",
          "integrity": "sha1-Gv4UcLlTvS+X1wLKHVMAc7fnY5Q=",
          "requires": {
            "debug": "2.6.9",
            "encodeurl": "~1.0.2",
            "escape-html": "~1.0.3",
            "on-finished": "~2.3.0",
            "parseurl": "~1.3.3",
            "statuses": "~1.5.0",
            "unpipe": "~1.0.0"
          },
          "dependencies": {
            "unpipe": {
              "version": "1.0.0",
              "resolved": "http://nexus.app.iaf:8081/nexus/repository/onpm/unpipe/-/unpipe-1.0.0.tgz",
              "integrity": "sha1-3eMp4adFfxDBE3UVLiN65wHTvYo="
            }
          }
        },
        "fresh": {
          "version": "0.5.2",
          "resolved": "http://nexus.app.iaf:8081/nexus/repository/onpm/fresh/-/fresh-0.5.2.tgz",
          "integrity": "sha1-I2cEnMdOWJJ8pykS77oElXEZ3hE="
        },
        "merge-descriptors": {
          "version": "1.0.1",
          "resolved": "http://nexus.app.iaf:8081/nexus/repository/onpm/merge-descriptors/-/merge-descriptors-1.0.1.tgz",
          "integrity": "sha1-O9Dp7tkgNDhKH22hk4O1Ju5xIlM="
        },
        "methods": {
          "version": "1.1.2",
          "resolved": "http://nexus.app.iaf:8081/nexus/repository/onpm/methods/-/methods-1.1.2.tgz",
          "integrity": "sha1-Qz5dUnQm2kdIdxMwQMjIOQKYhkQ="
        },
        "on-finished": {
          "version": "2.3.0",
          "resolved": "http://nexus.app.iaf:8081/nexus/repository/onpm/on-finished/-/on-finished-2.3.0.tgz",
          "integrity": "sha1-5OY7nsFH3QE45BSDrlssTrQwIvo=",
          "requires": {
            "ee-first": "1.1.1"
          },
          "dependencies": {
            "ee-first": {
              "version": "1.1.1",
              "resolved": "http://nexus.app.iaf:8081/nexus/repository/onpm/ee-first/-/ee-first-1.1.1.tgz",
              "integrity": "sha1-fK2yUj1ZNQl6IaA9rD/Z7lNHJQY="
            }
          }
        },
        "parseurl": {
          "version": "1.3.3",
          "resolved": "http://nexus.app.iaf:8081/nexus/repository/onpm/parseurl/-/parseurl-1.3.3.tgz",
          "integrity": "sha1-SZPogR54ahLZEgZ27DzxYUIOIzU="
        },
        "path-to-regexp": {
          "version": "0.1.7",
          "resolved": "http://nexus.app.iaf:8081/nexus/repository/onpm/path-to-regexp/-/path-to-regexp-0.1.7.tgz",
          "integrity": "sha1-nixCFIg96LNxdwOpuuZYycKe3TY="
        },
        "proxy-addr": {
          "version": "2.0.5",
          "resolved": "http://nexus.app.iaf:8081/nexus/repository/onpm/proxy-addr/-/proxy-addr-2.0.5.tgz",
          "integrity": "sha1-BdoHVWMGmRAEtqceHJ2oQ0TRjoY=",
          "requires": {
            "forwarded": "~0.1.2",
            "ipaddr.js": "1.9.0"
          },
          "dependencies": {
            "forwarded": {
              "version": "0.1.2",
              "resolved": "http://nexus.app.iaf:8081/nexus/repository/onpm/forwarded/-/forwarded-0.1.2.tgz",
              "integrity": "sha1-tUF28Fibr2zLmn6KRkH2DnAlsSU="
            },
            "ipaddr.js": {
              "version": "1.9.0",
              "resolved": "http://nexus.app.iaf:8081/nexus/repository/onpm/ipaddr.js/-/ipaddr.js-1.9.0.tgz",
              "integrity": "sha1-TWshx/1Bd/audp+i2eLo+5epZ2g="
            }
          }
        },
        "qs": {
          "version": "6.7.0",
          "resolved": "http://nexus.app.iaf:8081/nexus/repository/onpm/qs/-/qs-6.7.0.tgz",
          "integrity": "sha512-VCdBRNFTX1fyE7Nb6FYoURo/SPe62QCaAyzJvUjwRaIsc+NePBEniHlvxFmmX56+HZphIGtV0XeCirBtpDrTyQ=="
        },
        "range-parser": {
          "version": "1.2.1",
          "resolved": "http://nexus.app.iaf:8081/nexus/repository/onpm/range-parser/-/range-parser-1.2.1.tgz",
          "integrity": "sha1-AV+4oAQmo0klustlSm388NPuMcQ="
        },
        "safe-buffer": {
          "version": "5.1.2",
          "resolved": "http://nexus.app.iaf:8081/nexus/repository/onpm/safe-buffer/-/safe-buffer-5.1.2.tgz",
          "integrity": "sha1-mR7GnSluAxN0fVm9/St0XDX4go0="
        },
        "send": {
          "version": "0.17.1",
          "resolved": "http://nexus.app.iaf:8081/nexus/repository/onpm/send/-/send-0.17.1.tgz",
          "integrity": "sha1-mXpZXJsZsVmuGAKnHcmnkEBapmc=",
          "requires": {
            "debug": "2.6.9",
            "depd": "~1.1.2",
            "destroy": "~1.0.4",
            "encodeurl": "~1.0.2",
            "escape-html": "~1.0.3",
            "etag": "~1.8.1",
            "fresh": "0.5.2",
            "http-errors": "~1.7.2",
            "mime": "1.6.0",
            "ms": "2.1.1",
            "on-finished": "~2.3.0",
            "range-parser": "~1.2.1",
            "statuses": "~1.5.0"
          },
          "dependencies": {
            "destroy": {
              "version": "1.0.4",
              "resolved": "http://nexus.app.iaf:8081/nexus/repository/onpm/destroy/-/destroy-1.0.4.tgz",
              "integrity": "sha1-ETUq8HT8JS3Xi+T9DvhtTVAsfJc="
            },
            "http-errors": {
              "version": "1.7.2",
              "resolved": "http://nexus.app.iaf:8081/nexus/repository/onpm/http-errors/-/http-errors-1.7.2.tgz",
              "integrity": "sha1-HFkOcivuhDs5+4noyWF+OrVEsV0=",
              "requires": {
                "depd": "~1.1.2",
                "inherits": "2.0.3",
                "setprototypeof": "1.1.1",
                "statuses": ">= 1.5.0 < 2",
                "toidentifier": "1.0.0"
              },
              "dependencies": {
                "inherits": {
                  "version": "2.0.3",
                  "resolved": "http://nexus.app.iaf:8081/nexus/repository/onpm/inherits/-/inherits-2.0.3.tgz",
                  "integrity": "sha1-Yzwsg+PaQqUC9SRmAiSA9CCCYd4="
                },
                "toidentifier": {
                  "version": "1.0.0",
                  "resolved": "http://nexus.app.iaf:8081/nexus/repository/onpm/toidentifier/-/toidentifier-1.0.0.tgz",
                  "integrity": "sha1-FJfVs3vkgwfylziEDfVYjt7Dq+8="
                }
              }
            },
            "mime": {
              "version": "1.6.0",
              "resolved": "http://nexus.app.iaf:8081/nexus/repository/onpm/mime/-/mime-1.6.0.tgz",
              "integrity": "sha512-x0Vn8spI+wuJ1O6S7gnbaQg8Pxh4NNHb7KSINmEWKiPE4RKOplvijn+NkmYmmRgP68mc70j2EbeTFRsrswaQeg=="
            },
            "ms": {
              "version": "2.1.1",
              "resolved": "http://nexus.app.iaf:8081/nexus/repository/onpm/ms/-/ms-2.1.1.tgz",
              "integrity": "sha1-rqomqtVL/xikakO5U3J/eLKXZug="
            }
          }
        },
        "serve-static": {
          "version": "1.14.1",
          "resolved": "http://nexus.app.iaf:8081/nexus/repository/onpm/serve-static/-/serve-static-1.14.1.tgz",
          "integrity": "sha1-ycjTFyTR/DBD0TbhqGIA83mdTwU=",
          "requires": {
            "encodeurl": "~1.0.2",
            "escape-html": "~1.0.3",
            "parseurl": "~1.3.3",
            "send": "0.17.1"
          }
        },
        "setprototypeof": {
          "version": "1.1.1",
          "resolved": "http://nexus.app.iaf:8081/nexus/repository/onpm/setprototypeof/-/setprototypeof-1.1.1.tgz",
          "integrity": "sha1-YW7zf74GOyuPU59cHasCyDbdQhI="
        },
        "statuses": {
          "version": "1.5.0",
          "resolved": "http://nexus.app.iaf:8081/nexus/repository/onpm/statuses/-/statuses-1.5.0.tgz",
          "integrity": "sha1-ZjUEQDeETiNcBf4OH27mrxWqYVw="
        },
        "type-is": {
          "version": "1.6.18",
          "resolved": "http://nexus.app.iaf:8081/nexus/repository/onpm/type-is/-/type-is-1.6.18.tgz",
          "integrity": "sha1-sv0amMkn8MUN5m82JFK2Xd+qh60=",
          "requires": {
            "media-typer": "0.3.0",
            "mime-types": "~2.1.24"
          },
          "dependencies": {
            "media-typer": {
              "version": "0.3.0",
              "resolved": "http://nexus.app.iaf:8081/nexus/repository/onpm/media-typer/-/media-typer-0.3.0.tgz",
              "integrity": "sha1-7QWuUyJJaN11Li2lldCEu1UVaAE="
            },
            "mime-types": {
              "version": "2.1.26",
              "resolved": "http://nexus.app.iaf:8081/nexus/repository/onpm/mime-types/-/mime-types-2.1.26.tgz",
              "integrity": "sha512-01paPWYgLrkqAyrlDorC1uDwl2p3qZT7yl806vW7DvDoxwXi46jsjFbg+WdwotBIk6/MbEhO/dh5aZ5sNj/dWQ==",
              "requires": {
                "mime-db": "1.43.0"
              },
              "dependencies": {
                "mime-db": {
                  "version": "1.43.0",
                  "resolved": "http://nexus.app.iaf:8081/nexus/repository/onpm/mime-db/-/mime-db-1.43.0.tgz",
                  "integrity": "sha512-+5dsGEEovYbT8UY9yD7eE4XTc4UwJ1jBYlgaQQF38ENsKR3wj/8q8RFZrF9WIZpB2V1ArTVFUva8sAul1NzRzQ=="
                }
              }
            }
          }
        },
        "utils-merge": {
          "version": "1.0.1",
          "resolved": "http://nexus.app.iaf:8081/nexus/repository/onpm/utils-merge/-/utils-merge-1.0.1.tgz",
          "integrity": "sha1-le/B0LJLbtzPyRDweJwYeDDm7cM="
        },
        "vary": {
          "version": "1.1.2",
          "resolved": "http://nexus.app.iaf:8081/nexus/repository/onpm/vary/-/vary-1.1.2.tgz",
          "integrity": "sha1-KxLBsAJ330xuobu8fVSF96FcsLc="
        }
      }
    },
    "ioredis": {
      "version": "4.14.0",
      "resolved": "http://nexus.app.iaf:8081/nexus/repository/onpm/ioredis/-/ioredis-4.14.0.tgz",
      "integrity": "sha1-gW/6eHBFlVr6+4Y/ggnXgM59Z7s=",
      "requires": {
        "cluster-key-slot": "^1.1.0",
        "debug": "^4.1.1",
        "denque": "^1.1.0",
        "lodash.defaults": "^4.2.0",
        "lodash.flatten": "^4.4.0",
        "redis-commands": "1.5.0",
        "redis-errors": "^1.2.0",
        "redis-parser": "^3.0.0",
        "standard-as-callback": "^2.0.1"
      },
      "dependencies": {
        "cluster-key-slot": {
          "version": "1.1.0",
          "resolved": "http://nexus.app.iaf:8081/nexus/repository/onpm/cluster-key-slot/-/cluster-key-slot-1.1.0.tgz",
          "integrity": "sha1-wEwqPykOM/W9ZLlY3A8I8ys+7hs="
        },
        "debug": {
          "version": "4.1.1",
          "resolved": "http://nexus.app.iaf:8081/nexus/repository/onpm/debug/-/debug-4.1.1.tgz",
          "integrity": "sha512-pYAIzeRo8J6KPEaJ0VWOh5Pzkbw/RetuzehGM7QRRX5he4fPHx2rdKMB256ehJCkX+XRQm16eZLqLNS8RSZXZw==",
          "requires": {
            "ms": "^2.1.1"
          },
          "dependencies": {
            "ms": {
              "version": "2.1.2",
              "resolved": "http://nexus.app.iaf:8081/nexus/repository/onpm/ms/-/ms-2.1.2.tgz",
              "integrity": "sha512-sGkPx+VjMtmA6MX27oA4FBFELFCZZ4S4XqeGOXCv68tT+jb3vk/RyaKWP0PTKyWtmLSM0b+adUTEvbs1PEaH2w=="
            }
          }
        },
        "denque": {
          "version": "1.4.1",
          "resolved": "http://nexus.app.iaf:8081/nexus/repository/onpm/denque/-/denque-1.4.1.tgz",
          "integrity": "sha1-Y6EPNaKHJoxdBQhj6TCbYyyPW3c="
        },
        "lodash.defaults": {
          "version": "4.2.0",
          "resolved": "http://nexus.app.iaf:8081/nexus/repository/onpm/lodash.defaults/-/lodash.defaults-4.2.0.tgz",
          "integrity": "sha1-NrORzx5vLJvuy/iZEcK+FD0iKmI="
        },
        "lodash.flatten": {
          "version": "4.4.0",
          "resolved": "http://nexus.app.iaf:8081/nexus/repository/onpm/lodash.flatten/-/lodash.flatten-4.4.0.tgz",
          "integrity": "sha1-PfQvPpfeQDgWAKALaxUJ5D1Lclk="
        },
        "redis-commands": {
          "version": "1.5.0",
          "resolved": "http://nexus.app.iaf:8081/nexus/repository/onpm/redis-commands/-/redis-commands-1.5.0.tgz",
          "integrity": "sha1-JBHddZvy22pEBemfG/uhsOsQicA="
        },
        "redis-errors": {
          "version": "1.2.0",
          "resolved": "http://nexus.app.iaf:8081/nexus/repository/onpm/redis-errors/-/redis-errors-1.2.0.tgz",
          "integrity": "sha1-TTg15zZxRgob4oNtIPR5WBjkKWA="
        },
        "redis-parser": {
          "version": "3.0.0",
          "resolved": "http://nexus.app.iaf:8081/nexus/repository/onpm/redis-parser/-/redis-parser-3.0.0.tgz",
          "integrity": "sha1-e0mcUqs3cSw8F8J/yanOLzsOHcw=",
          "requires": {
            "redis-errors": "^1.0.0"
          }
        },
        "standard-as-callback": {
          "version": "2.0.1",
          "resolved": "http://nexus.app.iaf:8081/nexus/repository/onpm/standard-as-callback/-/standard-as-callback-2.0.1.tgz",
          "integrity": "sha1-sMfN6NWFmL6DfrFefAV3ooQ+tcQ="
        }
      }
    },
    "jsonwebtoken": {
      "version": "8.5.1",
      "resolved": "http://nexus.app.iaf:8081/nexus/repository/onpm/jsonwebtoken/-/jsonwebtoken-8.5.1.tgz",
      "integrity": "sha1-cXwpm4WUxEeGhlnTuGAtk6qvTMs=",
      "requires": {
        "jws": "^3.2.2",
        "lodash.includes": "^4.3.0",
        "lodash.isboolean": "^3.0.3",
        "lodash.isinteger": "^4.0.4",
        "lodash.isnumber": "^3.0.3",
        "lodash.isplainobject": "^4.0.6",
        "lodash.isstring": "^4.0.1",
        "lodash.once": "^4.0.0",
        "ms": "^2.1.1",
        "semver": "^5.6.0"
      },
      "dependencies": {
        "jws": {
          "version": "3.2.2",
          "resolved": "http://nexus.app.iaf:8081/nexus/repository/onpm/jws/-/jws-3.2.2.tgz",
          "integrity": "sha1-f0vwRQZAfzh/IZuLcBUfpy/yqsQ=",
          "requires": {
            "jwa": "^1.4.1",
            "safe-buffer": "^5.0.1"
          },
          "dependencies": {
            "jwa": {
              "version": "1.4.1",
              "resolved": "http://nexus.app.iaf:8081/nexus/repository/onpm/jwa/-/jwa-1.4.1.tgz",
              "integrity": "sha1-/3gIcOP0Wd/PoqcypH5ECkg/c7Q=",
              "requires": {
                "buffer-equal-constant-time": "1.0.1",
                "ecdsa-sig-formatter": "1.0.11",
                "safe-buffer": "^5.0.1"
              },
              "dependencies": {
                "buffer-equal-constant-time": {
                  "version": "1.0.1",
                  "resolved": "http://nexus.app.iaf:8081/nexus/repository/onpm/buffer-equal-constant-time/-/buffer-equal-constant-time-1.0.1.tgz",
                  "integrity": "sha1-bp58qKwEaihek6MbyIgjusW9UVY="
                },
                "ecdsa-sig-formatter": {
                  "version": "1.0.11",
                  "resolved": "http://nexus.app.iaf:8081/nexus/repository/onpm/ecdsa-sig-formatter/-/ecdsa-sig-formatter-1.0.11.tgz",
                  "integrity": "sha1-znMKuwB+jeNwWkzcpO+llWQJ/6c=",
                  "requires": {
                    "safe-buffer": "^5.0.1"
                  }
                }
              }
            },
            "safe-buffer": {
              "version": "5.1.2",
              "resolved": "http://nexus.app.iaf:8081/nexus/repository/onpm/safe-buffer/-/safe-buffer-5.1.2.tgz",
              "integrity": "sha1-mR7GnSluAxN0fVm9/St0XDX4go0="
            }
          }
        },
        "lodash.includes": {
          "version": "4.3.0",
          "resolved": "http://nexus.app.iaf:8081/nexus/repository/onpm/lodash.includes/-/lodash.includes-4.3.0.tgz",
          "integrity": "sha1-kRsI92Y41Jcb07Ba8X6NtJ/93fk="
        },
        "lodash.isboolean": {
          "version": "3.0.3",
          "resolved": "http://nexus.app.iaf:8081/nexus/repository/onpm/lodash.isboolean/-/lodash.isboolean-3.0.3.tgz",
          "integrity": "sha1-J2xPkM37qoqmKpdN/pXVaOlvcd0="
        },
        "lodash.isinteger": {
          "version": "4.0.4",
          "resolved": "http://nexus.app.iaf:8081/nexus/repository/onpm/lodash.isinteger/-/lodash.isinteger-4.0.4.tgz",
          "integrity": "sha1-EuqGi7DIel9DgukBlA3yI4nq63U="
        },
        "lodash.isnumber": {
          "version": "3.0.3",
          "resolved": "http://nexus.app.iaf:8081/nexus/repository/onpm/lodash.isnumber/-/lodash.isnumber-3.0.3.tgz",
          "integrity": "sha1-Js3BPFSR8m6/dO2foSZV4ptlUwg="
        },
        "lodash.isplainobject": {
          "version": "4.0.6",
          "resolved": "http://nexus.app.iaf:8081/nexus/repository/onpm/lodash.isplainobject/-/lodash.isplainobject-4.0.6.tgz",
          "integrity": "sha1-f0c9+bLZWFMgzbhr+IdJffcFnfs="
        },
        "lodash.isstring": {
          "version": "4.0.1",
          "resolved": "http://nexus.app.iaf:8081/nexus/repository/onpm/lodash.isstring/-/lodash.isstring-4.0.1.tgz",
          "integrity": "sha1-52zhUq4qzdVS7VbCZNHs6dP0mk4="
        },
        "lodash.once": {
          "version": "4.1.1",
          "resolved": "http://nexus.app.iaf:8081/nexus/repository/onpm/lodash.once/-/lodash.once-4.1.1.tgz",
          "integrity": "sha1-TcLmAsO1xx8d+a7rFGoED7sBKag="
        },
        "ms": {
          "version": "2.1.2",
          "resolved": "http://nexus.app.iaf:8081/nexus/repository/onpm/ms/-/ms-2.1.2.tgz",
          "integrity": "sha512-sGkPx+VjMtmA6MX27oA4FBFELFCZZ4S4XqeGOXCv68tT+jb3vk/RyaKWP0PTKyWtmLSM0b+adUTEvbs1PEaH2w=="
        },
        "semver": {
          "version": "5.7.1",
          "resolved": "http://nexus.app.iaf:8081/nexus/repository/onpm/semver/-/semver-5.7.1.tgz",
          "integrity": "sha1-qVT5Ma66UI0we78Gnv8MAclhFvc="
        }
      }
    },
    "lodash": {
      "version": "4.17.15",
      "resolved": "http://nexus.app.iaf:8081/nexus/repository/onpm/lodash/-/lodash-4.17.15.tgz",
      "integrity": "sha1-tEf2ZwoEVbv+7dETku/zMOoJdUg="
    },
    "mongodb": {
      "version": "2.2.36",
      "resolved": "http://nexus.app.iaf:8081/nexus/repository/onpm/mongodb/-/mongodb-2.2.36.tgz",
      "integrity": "sha1-QAezFUhVedU68iN8nwF1H6obisw=",
      "requires": {
        "es6-promise": "3.2.1",
        "mongodb-core": "2.1.20",
        "readable-stream": "2.2.7"
      },
      "dependencies": {
        "es6-promise": {
          "version": "3.2.1",
          "resolved": "http://nexus.app.iaf:8081/nexus/repository/onpm/es6-promise/-/es6-promise-3.2.1.tgz",
          "integrity": "sha1-naRtPCvG81yAYz2qf08dpToIvtY="
        },
        "mongodb-core": {
          "version": "2.1.20",
          "resolved": "http://nexus.app.iaf:8081/nexus/repository/onpm/mongodb-core/-/mongodb-core-2.1.20.tgz",
          "integrity": "sha1-YvkffVpR2ySnev9vZYId1nDgbbI=",
          "requires": {
            "bson": "~1.0.4",
            "require_optional": "~1.0.0"
          },
          "dependencies": {
            "bson": {
              "version": "1.0.9",
              "resolved": "http://nexus.app.iaf:8081/nexus/repository/onpm/bson/-/bson-1.0.9.tgz",
              "integrity": "sha1-rz8iATc3uSX05+4a1oTYJbyy9Bo="
            },
            "require_optional": {
              "version": "1.0.1",
              "resolved": "http://nexus.app.iaf:8081/nexus/repository/onpm/require_optional/-/require_optional-1.0.1.tgz",
              "integrity": "sha1-t5bEWx0uxappLSbxlcIecLjAF2Q=",
              "requires": {
                "resolve-from": "^2.0.0",
                "semver": "^5.1.0"
              },
              "dependencies": {
                "resolve-from": {
                  "version": "2.0.0",
                  "resolved": "http://nexus.app.iaf:8081/nexus/repository/onpm/resolve-from/-/resolve-from-2.0.0.tgz",
                  "integrity": "sha1-JGFsunjaC6rpcDRHNkt8PnqRgps="
                },
                "semver": {
                  "version": "5.7.1",
                  "resolved": "http://nexus.app.iaf:8081/nexus/repository/onpm/semver/-/semver-5.7.1.tgz",
                  "integrity": "sha1-qVT5Ma66UI0we78Gnv8MAclhFvc="
                }
              }
            }
          }
        },
        "readable-stream": {
          "version": "2.2.7",
          "resolved": "http://nexus.app.iaf:8081/nexus/repository/onpm/readable-stream/-/readable-stream-2.2.7.tgz",
          "integrity": "sha1-QZ6OEaUYC3XM4NLkunLj/WBGFK0=",
          "requires": {
            "buffer-shims": "~1.0.0",
            "core-util-is": "~1.0.0",
            "inherits": "~2.0.1",
            "isarray": "~1.0.0",
            "process-nextick-args": "~1.0.6",
            "string_decoder": "~1.0.0",
            "util-deprecate": "~1.0.1"
          },
          "dependencies": {
            "buffer-shims": {
              "version": "1.0.0",
              "resolved": "http://nexus.app.iaf:8081/nexus/repository/onpm/buffer-shims/-/buffer-shims-1.0.0.tgz",
              "integrity": "sha1-mXjOMXOIxkmth5MCjDR37wRKi1E="
            },
            "core-util-is": {
              "version": "1.0.2",
              "resolved": "http://nexus.app.iaf:8081/nexus/repository/onpm/core-util-is/-/core-util-is-1.0.2.tgz",
              "integrity": "sha1-47/ERidFY5I4rYmW0q7S0cLuR+c="
            },
            "inherits": {
              "version": "2.0.4",
              "resolved": "http://nexus.app.iaf:8081/nexus/repository/onpm/inherits/-/inherits-2.0.4.tgz",
              "integrity": "sha1-D6LGT5MpF8NDOg3tVTY6rjdBa3w="
            },
            "isarray": {
              "version": "1.0.0",
              "resolved": "http://nexus.app.iaf:8081/nexus/repository/onpm/isarray/-/isarray-1.0.0.tgz",
              "integrity": "sha1-gCCuhXwt7SNMvvOgtB+4/3XzhfA="
            },
            "process-nextick-args": {
              "version": "1.0.8",
              "resolved": "http://nexus.app.iaf:8081/nexus/repository/onpm/process-nextick-args/-/process-nextick-args-1.0.8.tgz",
              "integrity": "sha1-xjF15GfWMrjUxOJNxpv772mjw5w="
            },
            "string_decoder": {
              "version": "1.0.3",
              "resolved": "http://nexus.app.iaf:8081/nexus/repository/onpm/string_decoder/-/string_decoder-1.0.3.tgz",
              "integrity": "sha1-aErqT/0koBjM94pxr0d+0l2XlI8=",
              "requires": {
                "safe-buffer": "~5.1.0"
              },
              "dependencies": {
                "safe-buffer": {
                  "version": "5.1.2",
                  "resolved": "http://nexus.app.iaf:8081/nexus/repository/onpm/safe-buffer/-/safe-buffer-5.1.2.tgz",
                  "integrity": "sha1-mR7GnSluAxN0fVm9/St0XDX4go0="
                }
              }
            },
            "util-deprecate": {
              "version": "1.0.2",
              "resolved": "http://nexus.app.iaf:8081/nexus/repository/onpm/util-deprecate/-/util-deprecate-1.0.2.tgz",
              "integrity": "sha1-OUnGlOPYjRmcqQ0tsMW3tTXSBDg="
            }
          }
        }
      }
    },
    "passport": {
      "version": "0.4.0",
      "resolved": "http://nexus.app.iaf:8081/nexus/repository/onpm/passport/-/passport-0.4.0.tgz",
      "integrity": "sha1-almL/pf3oeQZaDmXmIAVIbweKxM=",
      "requires": {
        "passport-strategy": "1.x.x",
        "pause": "0.0.1"
      },
      "dependencies": {
        "passport-strategy": {
          "version": "1.0.0",
          "resolved": "http://nexus.app.iaf:8081/nexus/repository/onpm/passport-strategy/-/passport-strategy-1.0.0.tgz",
          "integrity": "sha1-wKHQRT+8cgU5d9wkRZIU1JN6eHk="
        },
        "pause": {
          "version": "0.0.1",
          "resolved": "http://nexus.app.iaf:8081/nexus/repository/onpm/pause/-/pause-0.0.1.tgz",
          "integrity": "sha1-Y6MGlTGkT1+qpXBMeN72xUup9O8="
        }
      }
    },
    "passport-saml": {
      "version": "0.15.0",
      "resolved": "http://nexus.app.iaf:8081/nexus/repository/onpm/passport-saml/-/passport-saml-0.15.0.tgz",
      "integrity": "sha1-AzrkJkz7FUsbntIejfIrl1BM/Ww=",
      "requires": {
        "passport-strategy": "*",
        "q": "1.1.x",
        "xml-crypto": "0.8.x",
        "xml-encryption": "~0.7",
        "xml2js": "0.4.x",
        "xmlbuilder": "2.5.x",
        "xmldom": "0.1.x"
      },
      "dependencies": {
        "passport-strategy": {
          "version": "1.0.0",
          "resolved": "http://nexus.app.iaf:8081/nexus/repository/onpm/passport-strategy/-/passport-strategy-1.0.0.tgz",
          "integrity": "sha1-wKHQRT+8cgU5d9wkRZIU1JN6eHk="
        },
        "q": {
          "version": "1.1.2",
          "resolved": "http://nexus.app.iaf:8081/nexus/repository/onpm/q/-/q-1.1.2.tgz",
          "integrity": "sha1-nF+zK8nutFgRZTYucZZJRC0D4Y8="
        },
        "xml-crypto": {
          "version": "0.8.5",
          "resolved": "http://nexus.app.iaf:8081/nexus/repository/onpm/xml-crypto/-/xml-crypto-0.8.5.tgz",
          "integrity": "sha1-cckzLZJuQCO+UTT4TgoxVVpzcbo=",
          "requires": {
            "xmldom": "=0.1.19",
            "xpath.js": ">=0.0.3"
          },
          "dependencies": {
            "xmldom": {
              "version": "0.1.19",
              "resolved": "http://nexus.app.iaf:8081/nexus/repository/onpm/xmldom/-/xmldom-0.1.19.tgz",
              "integrity": "sha1-R4+vnkTGoRyNUdkF5wGYtMMM08I="
            },
            "xpath.js": {
              "version": "1.1.0",
              "resolved": "http://nexus.app.iaf:8081/nexus/repository/onpm/xpath.js/-/xpath.js-1.1.0.tgz",
              "integrity": "sha1-7+SLspJFLmtr7OAQHMnC+kwe6XY="
            }
          }
        },
        "xml-encryption": {
          "version": "0.7.4",
          "resolved": "http://nexus.app.iaf:8081/nexus/repository/onpm/xml-encryption/-/xml-encryption-0.7.4.tgz",
          "integrity": "sha1-VNTAYoxcqA7qFCVKhhCyu36fK/w=",
          "requires": {
            "async": "~0.2.7",
            "ejs": "~0.8.3",
            "node-forge": "0.2.24",
            "xmldom": "~0.1.15",
            "xpath": "0.0.5"
          },
          "dependencies": {
            "async": {
              "version": "0.2.10",
              "resolved": "http://nexus.app.iaf:8081/nexus/repository/onpm/async/-/async-0.2.10.tgz",
              "integrity": "sha1-UoftKozhnR0MUfHItEPc7Qqln2w="
            },
            "ejs": {
              "version": "0.8.8",
              "resolved": "http://nexus.app.iaf:8081/nexus/repository/onpm/ejs/-/ejs-0.8.8.tgz",
              "integrity": "sha1-XNJ5hdFNtvu11atIbHCMybibOtQ="
            },
            "node-forge": {
              "version": "0.2.24",
              "resolved": "http://nexus.app.iaf:8081/nexus/repository/onpm/node-forge/-/node-forge-0.2.24.tgz",
              "integrity": "sha1-VbAaXySpyThcQhkh9RbmtGGEeic="
            },
            "xpath": {
              "version": "0.0.5",
              "resolved": "http://nexus.app.iaf:8081/nexus/repository/onpm/xpath/-/xpath-0.0.5.tgz",
              "integrity": "sha1-1FnYgEX6kpMGlgIsl7YFKS0cvDQ="
            }
          }
        },
        "xml2js": {
          "version": "0.4.19",
          "resolved": "http://nexus.app.iaf:8081/nexus/repository/onpm/xml2js/-/xml2js-0.4.19.tgz",
          "integrity": "sha1-G9tTX38CpMaqzXWjk7l9cuFpx08=",
          "requires": {
            "sax": ">=0.6.0",
            "xmlbuilder": "~9.0.1"
          },
          "dependencies": {
            "sax": {
              "version": "1.2.4",
              "resolved": "http://nexus.app.iaf:8081/nexus/repository/onpm/sax/-/sax-1.2.4.tgz",
              "integrity": "sha512-NqVDv9TpANUjFm0N8uM5GxL36UgKi9/atZw+x7YFnQ8ckwFGKrl4xX4yWtrey3UJm5nP1kUbnYgLopqWNSRhWw=="
            },
            "xmlbuilder": {
              "version": "9.0.7",
              "resolved": "http://nexus.app.iaf:8081/nexus/repository/onpm/xmlbuilder/-/xmlbuilder-9.0.7.tgz",
              "integrity": "sha1-H/Wf2YLvBiclH7aPW6Rf54+yNao="
            }
          }
        },
        "xmlbuilder": {
          "version": "2.5.2",
          "resolved": "http://nexus.app.iaf:8081/nexus/repository/onpm/xmlbuilder/-/xmlbuilder-2.5.2.tgz",
          "integrity": "sha1-TaZpbBHAFoEHF2r6O30UpnVDW08=",
          "requires": {
            "lodash": "~3.2.0"
          },
          "dependencies": {
            "lodash": {
              "version": "3.2.0",
              "resolved": "http://nexus.app.iaf:8081/nexus/repository/onpm/lodash/-/lodash-3.2.0.tgz",
              "integrity": "sha1-4pS/TVQix1bWSy6fcXPQaVrBCOA="
            }
          }
        },
        "xmldom": {
          "version": "0.1.27",
          "resolved": "http://nexus.app.iaf:8081/nexus/repository/onpm/xmldom/-/xmldom-0.1.27.tgz",
          "integrity": "sha1-Lm4ZuXi5xIYUonlDibV2JCTGuX4="
        }
      }
    },
    "router": {
      "version": "1.3.3",
      "resolved": "http://nexus.app.iaf:8081/nexus/repository/onpm/router/-/router-1.3.3.tgz",
      "integrity": "sha1-ZpXpJB7ddnNAShFaBveMANjth0M=",
      "requires": {
        "array-flatten": "2.1.1",
        "debug": "2.6.9",
        "methods": "~1.1.2",
        "parseurl": "~1.3.2",
        "path-to-regexp": "0.1.7",
        "setprototypeof": "1.1.0",
        "utils-merge": "1.0.1"
      },
      "dependencies": {
        "array-flatten": {
          "version": "2.1.1",
          "resolved": "http://nexus.app.iaf:8081/nexus/repository/onpm/array-flatten/-/array-flatten-2.1.1.tgz",
          "integrity": "sha1-domPt9aLLtf4pe3fQ9CQTs7LIro="
        },
        "debug": {
          "version": "2.6.9",
          "resolved": "http://nexus.app.iaf:8081/nexus/repository/onpm/debug/-/debug-2.6.9.tgz",
          "integrity": "sha1-kkHCSusmEMhd3/R8lIkokViDDgo=",
          "requires": {
            "ms": "2.0.0"
          },
          "dependencies": {
            "ms": {
              "version": "2.0.0",
              "resolved": "http://nexus.app.iaf:8081/nexus/repository/onpm/ms/-/ms-2.0.0.tgz",
              "integrity": "sha1-vYtFoMW0T4mQxFlFXnVBhEqQG8Y="
            }
          }
        },
        "methods": {
          "version": "1.1.2",
          "resolved": "http://nexus.app.iaf:8081/nexus/repository/onpm/methods/-/methods-1.1.2.tgz",
          "integrity": "sha1-Qz5dUnQm2kdIdxMwQMjIOQKYhkQ="
        },
        "parseurl": {
          "version": "1.3.3",
          "resolved": "http://nexus.app.iaf:8081/nexus/repository/onpm/parseurl/-/parseurl-1.3.3.tgz",
          "integrity": "sha1-SZPogR54ahLZEgZ27DzxYUIOIzU="
        },
        "path-to-regexp": {
          "version": "0.1.7",
          "resolved": "http://nexus.app.iaf:8081/nexus/repository/onpm/path-to-regexp/-/path-to-regexp-0.1.7.tgz",
          "integrity": "sha1-nixCFIg96LNxdwOpuuZYycKe3TY="
        },
        "setprototypeof": {
          "version": "1.1.0",
          "resolved": "http://nexus.app.iaf:8081/nexus/repository/onpm/setprototypeof/-/setprototypeof-1.1.0.tgz",
          "integrity": "sha1-En55z9mwLzv2i9FYY64d/LUJ5z4="
        },
        "utils-merge": {
          "version": "1.0.1",
          "resolved": "http://nexus.app.iaf:8081/nexus/repository/onpm/utils-merge/-/utils-merge-1.0.1.tgz",
          "integrity": "sha1-le/B0LJLbtzPyRDweJwYeDDm7cM="
        }
      }
    }
  }
}
