# THIS IS AN AUTOGENERATED FILE. DO NOT EDIT THIS FILE DIRECTLY.
# yarn lockfile v1


"@types/socket.io@^3.0.2":
  version "3.0.2"
  resolved "https://nexus.app.iaf/repository/npm/@types/socket.io/-/socket.io-3.0.2.tgz#606c9639e3f93bb8454cba8f5f0a283d47917759"
  dependencies:
    socket.io "*"

accepts@~1.3.8:
  version "1.3.8"
  resolved "https://nexus.app.iaf/repository/npm/accepts/-/accepts-1.3.8.tgz#26f476fb11273704ce5aeff730cca57ac48a013e"
  dependencies:
    mime-types "~2.1.34"
    negotiator "0.6.3"

adler-32@~1.2.0:
  version "1.2.0"
  resolved "https://nexus.app.iaf/repository/npm/adler-32/-/adler-32-1.2.0.tgz#6a3e6bf0a63900ba15652808cb15c6813d1a5f25"
  dependencies:
    exit-on-epipe "~1.0.1"
    printj "~1.1.0"

adler-32@~1.3.0:
  version "1.3.0"
  resolved "https://nexus.app.iaf/repository/npm/adler-32/-/adler-32-1.3.0.tgz#3cad1b71cdfa69f6c8a91f3e3615d31a4fdedc72"
  dependencies:
    printj "~1.2.2"

after@0.8.1:
  version "0.8.1"
  resolved "https://nexus.app.iaf/repository/npm/after/-/after-0.8.1.tgz#ab5d4fb883f596816d3515f8f791c0af486dd627"

append-field@^1.0.0:
  version "1.0.0"
  resolved "https://nexus.app.iaf/repository/npm/append-field/-/append-field-1.0.0.tgz#fb927d424a29ceeacbc36d4f1dbee84852c56194"

array-flatten@1.1.1:
  version "1.1.1"
  resolved "https://nexus.app.iaf/repository/npm/array-flatten/-/array-flatten-1.1.1.tgz#67a097628de4ca7a9d596a8827f54586d17aab1e"

array-flatten@3.0.0:
  version "3.0.0"
  resolved "https://nexus.app.iaf/repository/npm/array-flatten/-/array-flatten-3.0.0.tgz#6428ca2ee52c7b823192ec600fa3ed2f157cd541"

arraybuffer.slice@0.0.6:
  version "0.0.6"
  resolved "https://nexus.app.iaf/repository/npm/arraybuffer.slice/-/arraybuffer.slice-0.0.6.tgz#f33b2159f0532a3f3107a272c0ccfbd1ad2979ca"

async@~0.2.7:
  version "0.2.10"
  resolved "https://nexus.app.iaf/repository/npm/async/-/async-0.2.10.tgz#bd7e830c988b9defd15c06bc120b6f92205789a2"

async@~1.0.0:
  version "1.0.0"
  resolved "https://nexus.app.iaf/repository/npm/async/-/async-1.0.0.tgz#f8fc04ca3a13784ade9e1641af98578cfbd647a9"

base64-arraybuffer@0.1.2:
  version "0.1.2"
  resolved "https://nexus.app.iaf/repository/npm/base64-arraybuffer/-/base64-arraybuffer-0.1.2.tgz#474df4a9f2da24e05df3158c3b1db3c3cd46a154"

base64id@0.1.0:
  version "0.1.0"
  resolved "https://nexus.app.iaf/repository/npm/base64id/-/base64id-0.1.0.tgz#02ce0fdeee0cef4f40080e1e73e834f0b1bfce3f"

bazooka-node@^4.1.6:
  version "4.2.5"
  resolved "https://nexus.app.iaf/repository/npm/bazooka-node/-/bazooka-node-4.2.5.tgz#951e0d14b3a9c6f640ddb322fe3c1bc4a5a473a5"
  dependencies:
    lodash "4.17.21"
    node-zookeeper-client "1.1.1"
    rxjs "^7.5.5"
    winston "2.4.5"

benchmark@1.0.0:
  version "1.0.0"
  resolved "https://nexus.app.iaf/repository/npm/benchmark/-/benchmark-1.0.0.tgz#de35da96b482779bda840a9837220a3a38833ca1"

better-assert@~1.0.0:
  version "1.0.2"
  resolved "https://nexus.app.iaf/repository/npm/better-assert/-/better-assert-1.0.2.tgz#91537e9cfa96eae2eb4bef2a64d394cfd6f3f626"
  dependencies:
    callsite "1.0.0"

blob@0.0.2:
  version "0.0.2"
  resolved "https://nexus.app.iaf/repository/npm/blob/-/blob-0.0.2.tgz#b89562bd6994af95ba1e812155536333aa23cf24"

body-parser@1.20.1, body-parser@^1.19.0:
  version "1.20.1"
  resolved "https://nexus.app.iaf/repository/npm/body-parser/-/body-parser-1.20.1.tgz#b1812a8912c195cd371a3ee5e66faa2338a5c668"
  dependencies:
    bytes "3.1.2"
    content-type "~1.0.4"
    debug "2.6.9"
    depd "2.0.0"
    destroy "1.2.0"
    http-errors "2.0.0"
    iconv-lite "0.4.24"
    on-finished "2.4.1"
    qs "6.11.0"
    raw-body "2.5.1"
    type-is "~1.6.18"
    unpipe "1.0.0"

bson@~1.0.4:
  version "1.0.9"
  resolved "https://nexus.app.iaf/repository/npm/bson/-/bson-1.0.9.tgz#d9691c83d3335a195b9a09c1f6233d5e7b0f2e8a"

buffer-equal-constant-time@1.0.1:
  version "1.0.1"
  resolved "https://nexus.app.iaf/repository/npm/buffer-equal-constant-time/-/buffer-equal-constant-time-1.0.1.tgz#2f6a54361b24364267420cb8ff0d43eaf44d9366"

buffer-from@^1.0.0:
  version "1.1.2"
  resolved "https://nexus.app.iaf/repository/npm/buffer-from/-/buffer-from-1.1.2.tgz#2b146a6fd72e80b4f55d255f35ed59a3a9a41bd5"

buffer-shims@~1.0.0:
  version "1.0.0"
  resolved "https://nexus.app.iaf/repository/npm/buffer-shims/-/buffer-shims-1.0.0.tgz#562177058dff31ceee162e3b63cc8a1c5464442e"

busboy@^0.2.11:
  version "0.2.14"
  resolved "https://nexus.app.iaf/repository/npm/busboy/-/busboy-0.2.14.tgz#e83fcad0cf6363c6618f86932c5d84d722e0a4b2"
  dependencies:
    dicer "0.2.5"
    readable-stream "1.1.x"

bytes@3.1.2:
  version "3.1.2"
  resolved "https://nexus.app.iaf/repository/npm/bytes/-/bytes-3.1.2.tgz#d667205e7d546e4319e50ad4377918dc615a340c"

call-bind@^1.0.0:
  version "1.0.2"
  resolved "https://nexus.app.iaf/repository/npm/call-bind/-/call-bind-1.0.2.tgz#b1d4e89e688119c3c9a903ad30abb2f6a919be3c"
  dependencies:
    function-bind "^1.1.1"
    get-intrinsic "^1.0.2"

callsite@1.0.0:
  version "1.0.0"
  resolved "https://nexus.app.iaf/repository/npm/callsite/-/callsite-1.0.0.tgz#f689eea2c5140c6100fdd38e96fccce0d7c68ecb"

cfb@^1.1.4:
  version "1.2.1"
  resolved "https://nexus.app.iaf/repository/npm/cfb/-/cfb-1.2.1.tgz#209429e4c68efd30641f6fc74b2d6028bd202402"
  dependencies:
    adler-32 "~1.3.0"
    crc-32 "~1.2.0"
    printj "~1.3.0"

cluster-key-slot@^1.1.0:
  version "1.1.2"
  resolved "https://nexus.app.iaf/repository/npm/cluster-key-slot/-/cluster-key-slot-1.1.2.tgz#4b9fb81171adcc1771d634315a05dd96e063fe1c"

codepage@~1.14.0:
  version "1.14.0"
  resolved "https://nexus.app.iaf/repository/npm/codepage/-/codepage-1.14.0.tgz#8cbe25481323559d7d307571b0fff91e7a1d2f99"
  dependencies:
    commander "~2.14.1"
    exit-on-epipe "~1.0.1"

colors@1.0.x:
  version "1.0.3"
  resolved "https://nexus.app.iaf/repository/npm/colors/-/colors-1.0.3.tgz#2404e1d8ff044d3cd28b79865d7c32564501fdb7"

commander@~0.6.1:
  version "0.6.1"
  resolved "https://nexus.app.iaf/repository/npm/commander/-/commander-0.6.1.tgz#fa68a14f6a945d54dbbe50d8cdb3320e9e3b1a06"

commander@~2.14.1:
  version "2.14.1"
  resolved "https://nexus.app.iaf/repository/npm/commander/-/commander-2.14.1.tgz#2235123e37af8ca3c65df45b026dbd357b01b9aa"

commander@~2.17.1:
  version "2.17.1"
  resolved "https://nexus.app.iaf/repository/npm/commander/-/commander-2.17.1.tgz#e9064007abdec9dec1113429f213c7f191b457cc"

component-bind@1.0.0:
  version "1.0.0"
  resolved "https://nexus.app.iaf/repository/npm/component-bind/-/component-bind-1.0.0.tgz#267e39eab7e269cf2789e071548e41a3d6661867"

component-emitter@1.1.2:
  version "1.1.2"
  resolved "https://nexus.app.iaf/repository/npm/component-emitter/-/component-emitter-1.1.2.tgz#296594f2753daa63996d2af08d15a95116c9aec3"

component-inherit@0.0.3:
  version "0.0.3"
  resolved "https://nexus.app.iaf/repository/npm/component-inherit/-/component-inherit-0.0.3.tgz#fad9638ab9bc56a19f4f3e7e1d4b5d0f0e76e4aa"

concat-stream@^1.5.2:
  version "1.6.2"
  resolved "https://nexus.app.iaf/repository/npm/concat-stream/-/concat-stream-1.6.2.tgz#c3879867d1d2d1ba9c8c3d89f9e8df283760dc27"
  dependencies:
    buffer-from "^1.0.0"
    inherits "^2.0.3"
    readable-stream "^2.2.2"
    typedarray "^0.0.6"

content-disposition@0.5.4:
  version "0.5.4"
  resolved "https://nexus.app.iaf/repository/npm/content-disposition/-/content-disposition-0.5.4.tgz#3b202abe0c315376a9976704ee5a71bd42b89a1f"
  dependencies:
    safe-buffer "5.2.1"

content-type@~1.0.4:
  version "1.0.4"
  resolved "https://nexus.app.iaf/repository/npm/content-type/-/content-type-1.0.4.tgz#7a40e1f9b34927254b0f5cf007242fefbf34c584"

cookie-signature@1.0.6:
  version "1.0.6"
  resolved "https://nexus.app.iaf/repository/npm/cookie-signature/-/cookie-signature-1.0.6.tgz#8355c464467d7f01eb178ecfd69e3aa65a2c26a5"

cookie@0.5.0:
  version "0.5.0"
  resolved "https://nexus.app.iaf/repository/npm/cookie/-/cookie-0.5.0.tgz#d1f5d71adec6558c58f389987c366aa47e994f8b"

core-util-is@~1.0.0:
  version "1.0.4"
  resolved "https://nexus.app.iaf/repository/npm/core-util-is/-/core-util-is-1.0.4.tgz#945720ffdc20dfe7640a0dffedf726ba6d4d6078"

cors@^2.8.5:
  version "2.8.5"
  resolved "https://nexus.app.iaf/repository/npm/cors/-/cors-2.8.5.tgz#d9ed3121c3ee3438a6dbdfc0d45729a16e0d8a46"
  dependencies:
    object-assign "^4"
    vary "^1"

crc-32@~1.2.0:
  version "1.2.2"
  resolved "https://nexus.app.iaf/repository/npm/crc-32/-/crc-32-1.2.2.tgz#3cad35a934b8bf71f25ca524b6da51fb7eace2ff"

cycle@1.0.x:
  version "1.0.3"
  resolved "https://nexus.app.iaf/repository/npm/cycle/-/cycle-1.0.3.tgz#6c060f083b264213f67aac09629e460d32eba05f"

debug@0.7.4:
  version "0.7.4"
  resolved "https://nexus.app.iaf/repository/npm/debug/-/debug-0.7.4.tgz#fbc73880273a5c0a26663027ad94646af7eaea64"

debug@1.0.2:
  version "1.0.2"
  resolved "https://nexus.app.iaf/repository/npm/debug/-/debug-1.0.2.tgz#3849591c10cce648476c3c7c2e2e3416db5963c4"
  dependencies:
    ms "0.6.2"

debug@1.0.3:
  version "1.0.3"
  resolved "https://nexus.app.iaf/repository/npm/debug/-/debug-1.0.3.tgz#fc8c6b2d6002804b4081c0208e0f6460ba1fa3e4"
  dependencies:
    ms "0.6.2"

debug@1.0.4:
  version "1.0.4"
  resolved "https://nexus.app.iaf/repository/npm/debug/-/debug-1.0.4.tgz#5b9c256bd54b6ec02283176fa8a0ede6d154cbf8"
  dependencies:
    ms "0.6.2"

debug@2.6.9:
  version "2.6.9"
  resolved "https://nexus.app.iaf/repository/npm/debug/-/debug-2.6.9.tgz#2097b0f133cc009679987291bd48153559e8a14d"
  dependencies:
    ms "2.0.0"

debug@^4.3.1:
  version "4.3.4"
  resolved "https://nexus.app.iaf/repository/npm/debug/-/debug-4.3.4.tgz#1bfa812350f419e986e748ca28f051c178778b5e"
  dependencies:
    ms "2.1.2"

denque@^1.1.0:
  version "1.5.1"
  resolved "https://nexus.app.iaf/repository/npm/denque/-/denque-1.5.1.tgz#07f670e29c9a78f8faecb2566a1e2c11929c5cbf"

depd@2.0.0:
  version "2.0.0"
  resolved "https://nexus.app.iaf/repository/npm/depd/-/depd-2.0.0.tgz#de98af1eb292da167fbf4f76f1110fef3fff995f"

destroy@1.2.0:
  version "1.2.0"
  resolved "https://nexus.app.iaf/repository/npm/destroy/-/destroy-1.2.0.tgz#4803735509ad8be552934c67df614f94e66fa015"

dicer@0.2.5:
  version "0.2.5"
  resolved "https://nexus.app.iaf/repository/npm/dicer/-/dicer-0.2.5.tgz#382bcb09744e3f6137adb0615b6e7e30433654de"
  dependencies:
    readable-stream "1.1.x"
    streamsearch "0.1.2"

ecdsa-sig-formatter@1.0.11:
  version "1.0.11"
  resolved "https://nexus.app.iaf/repository/npm/ecdsa-sig-formatter/-/ecdsa-sig-formatter-1.0.11.tgz#4305799e0330e01ae031dcc595d3a27f62bd1d45"
  dependencies:
    safe-buffer "^5.0.1"

ee-first@1.1.1:
  version "1.1.1"
  resolved "https://nexus.app.iaf/repository/npm/ee-first/-/ee-first-1.1.1.tgz#6a1d4274c617ac010bf5829982d99051206d93a0"

ejs@~0.8.3:
  version "0.8.8"
  resolved "https://nexus.app.iaf/repository/npm/ejs/-/ejs-0.8.8.tgz#ffdc56dcc35d02926dd50ad13439bbc54061d598"

encodeurl@~1.0.2:
  version "1.0.3"
  resolved "https://nexus.app.iaf/repository/npm/encodeurl/-/encodeurl-1.0.3.tgz#405544cff6075da21e48d4db414771009b12b491"

engine.io-client@27.4.3:
  version "27.4.3"
  resolved "https://nexus.app.iaf/repository/npm/engine.io-client/-/engine.io-client-27.4.3.tgz#c67056583e078b642fef6942cad509f36a5078a6"
  dependencies:
    component-emitter "1.1.2"
    component-inherit "0.0.3"
    debug "1.0.4"
    engine.io-parser "1.1.0"
    has-cors "22.0.3"
    indexof "0.0.1"
    parsejson "0.0.1"
    parseqs "0.0.2"
    parseuri "0.0.4"
    ws "0.4.31"
    xmlhttprequest "22.5.0"

engine.io-parser@1.1.0:
  version "1.1.0"
  resolved "https://nexus.app.iaf/repository/npm/engine.io-parser/-/engine.io-parser-1.1.0.tgz#39a2f7b1e8998fa1245fbc91e13504b8c92f3755"
  dependencies:
    after "0.8.1"
    arraybuffer.slice "0.0.6"
    base64-arraybuffer "0.1.2"
    blob "0.0.2"
    utf8 "2.0.0"

engine.io-parser@1.2.1:
  version "1.2.1"
  resolved "https://nexus.app.iaf/repository/npm/engine.io-parser/-/engine.io-parser-1.2.1.tgz#4462a67d0c70a907c06db2e1de53791a86f5ab37"
  dependencies:
    after "0.8.1"
    arraybuffer.slice "0.0.6"
    base64-arraybuffer "0.1.2"
    blob "0.0.2"
    has-binary "0.1.5"
    utf8 "2.0.0"

engine.io@1.5.1:
  version "1.5.1"
  resolved "https://nexus.app.iaf/repository/npm/engine.io/-/engine.io-1.5.1.tgz#e9cb4d881405834b7c2d1dbf8d8d46d0f341b943"
  dependencies:
    base64id "0.1.0"
    debug "1.0.3"
    engine.io-parser "1.2.1"
    ws "0.5.0"

es6-promise@3.2.1:
  version "3.2.1"
  resolved "https://nexus.app.iaf/repository/npm/es6-promise/-/es6-promise-3.2.1.tgz#1dc872a02ad6a99cfde1bba371e8ca8f96a52c06"

escape-html@~1.0.3:
  version "1.0.5"
  resolved "https://nexus.app.iaf/repository/npm/escape-html/-/escape-html-1.0.5.tgz#650f00377a359c1fc413bfb0e0c7e334580fe615"

etag@~1.8.1:
  version "1.8.2"
  resolved "https://nexus.app.iaf/repository/npm/etag/-/etag-1.8.2.tgz#b89725e025b28c31ac5bbb437c866146f0a0a4cb"

exit-on-epipe@~1.0.1:
  version "1.0.1"
  resolved "https://nexus.app.iaf/repository/npm/exit-on-epipe/-/exit-on-epipe-1.0.1.tgz#0bdd92e87d5285d267daa8171d0eb06159689692"

express@^4.17.1:
  version "4.18.2"
  resolved "https://nexus.app.iaf/repository/npm/express/-/express-4.18.2.tgz#3fabe08296e930c796c19e3c516979386ba9fd59"
  dependencies:
    accepts "~1.3.8"
    array-flatten "1.1.1"
    body-parser "1.20.1"
    content-disposition "0.5.4"
    content-type "~1.0.4"
    cookie "0.5.0"
    cookie-signature "1.0.6"
    debug "2.6.9"
    depd "2.0.0"
    encodeurl "~1.0.2"
    escape-html "~1.0.3"
    etag "~1.8.1"
    finalhandler "1.2.0"
    fresh "0.5.2"
    http-errors "2.0.0"
    merge-descriptors "1.0.1"
    methods "~1.1.2"
    on-finished "2.4.1"
    parseurl "~1.3.3"
    path-to-regexp "0.1.7"
    proxy-addr "~2.0.7"
    qs "6.11.0"
    range-parser "~1.2.1"
    safe-buffer "5.2.1"
    send "0.18.0"
    serve-static "1.15.0"
    setprototypeof "1.2.0"
    statuses "2.0.1"
    type-is "~1.6.18"
    utils-merge "1.0.1"
    vary "~1.1.2"

eyes@0.1.x:
  version "0.1.8"
  resolved "https://nexus.app.iaf/repository/npm/eyes/-/eyes-0.1.8.tgz#39fca7402c6ec038e8604e249b816cbecbbd0c36"

finalhandler@1.2.0:
  version "1.2.0"
  resolved "https://nexus.app.iaf/repository/npm/finalhandler/-/finalhandler-1.2.0.tgz#7d23fe5731b207b4640e4fcd00aec1f9207a7b32"
  dependencies:
    debug "2.6.9"
    encodeurl "~1.0.2"
    escape-html "~1.0.3"
    on-finished "2.4.1"
    parseurl "~1.3.3"
    statuses "2.0.1"
    unpipe "~1.0.0"

forwarded@0.2.0:
  version "0.2.0"
  resolved "https://nexus.app.iaf/repository/npm/forwarded/-/forwarded-0.2.0.tgz#2269936428aad4c15c7ebe9779a84bf0b2a81811"

frac@~1.1.2:
  version "1.1.2"
  resolved "https://nexus.app.iaf/repository/npm/frac/-/frac-1.1.2.tgz#3d74f7f6478c88a1b5020306d747dc6313c74d0b"

fresh@0.5.2:
  version "0.5.2"
  resolved "https://nexus.app.iaf/repository/npm/fresh/-/fresh-0.5.2.tgz#1eab5a348e56b3b007c4e8c46c49d531fa20967f"

fs@^0.0.2:
  version "0.0.2"
  resolved "https://nexus.app.iaf/repository/npm/fs/-/fs-0.0.2.tgz#e1f244ef3933c1b2a64bd4799136060d0f5914f8"

function-bind@^1.1.1:
  version "1.1.1"
  resolved "https://nexus.app.iaf/repository/npm/function-bind/-/function-bind-1.1.1.tgz#eaafccd6967a21fb27f49fb7822ffb1b681cb833"

get-intrinsic@^1.0.2:
  version "1.2.0"
  resolved "https://nexus.app.iaf/repository/npm/get-intrinsic/-/get-intrinsic-1.2.0.tgz#772f871d4c2df59cdd6119d683b8397f0d4680e1"
  dependencies:
    function-bind "^1.1.1"
    has "^1.0.3"
    has-symbols "^1.0.3"

global@2.0.1:
  version "2.0.1"
  resolved "https://nexus.app.iaf/repository/npm/global/-/global-2.0.1.tgz#cd087880d205240980e8b7f0d1ad10de7a8934f2"

graceful-fs@^4.1.6:
  version "4.2.10"
  resolved "https://nexus.app.iaf/repository/npm/graceful-fs/-/graceful-fs-4.2.10.tgz#261707c661947d96b5144db7c8456266b11c5f91"

has-binary-data@0.1.3:
  version "0.1.3"
  resolved "https://nexus.app.iaf/repository/npm/has-binary-data/-/has-binary-data-0.1.3.tgz#ee4beb57a1b503daac6a8c395e43c3d0b004ee93"
  dependencies:
    isarray "0.0.1"

has-binary@0.1.5:
  version "0.1.5"
  resolved "https://nexus.app.iaf/repository/npm/has-binary/-/has-binary-0.1.5.tgz#34cc4282a782e6c96d27afff0f359e66599be46b"
  dependencies:
    isarray "0.0.1"

has-cors@22.0.3:
  version "22.0.3"
  resolved "https://nexus.app.iaf/repository/npm/has-cors/-/has-cors-22.0.3.tgz#09ee446f013820ee8091c33a52c7f33f42f6f760"
  dependencies:
    global "2.0.1"

has-symbols@^1.0.3:
  version "1.0.3"
  resolved "https://nexus.app.iaf/repository/npm/has-symbols/-/has-symbols-1.0.3.tgz#e7c9f5ee9c82439993b8361e0ea9dc7e9144d618"

has@^1.0.3:
  version "1.0.3"
  resolved "https://nexus.app.iaf/repository/npm/has/-/has-1.0.3.tgz#251eef4bb8699412dc564d3e4ed838f77e2e7c6f"
  dependencies:
    function-bind "^1.1.1"

http-errors@2.0.0:
  version "2.0.0"
  resolved "https://nexus.app.iaf/repository/npm/http-errors/-/http-errors-2.0.0.tgz#f49cdc5cb16b79ad99e30ae92c4e3a0fd8ecd52d"
  dependencies:
    depd "2.0.0"
    inherits "2.0.4"
    setprototypeof "1.2.0"
    statuses "2.0.1"
    toidentifier "1.0.1"

http@^1.0.0:
  version "1.0.0"
  resolved "https://nexus.app.iaf/repository/npm/http/-/http-1.0.0.tgz#c5953d1bfe387c2b52d628c0e1cd5f5741c6c983"

iconv-lite@0.4.24:
  version "0.4.24"
  resolved "https://nexus.app.iaf/repository/npm/iconv-lite/-/iconv-lite-0.4.24.tgz#a414816119a5696b8bc8041b9f3ecd511d561724"
  dependencies:
    safer-buffer ">= 2.1.2 < 3"

indexof@0.0.1:
  version "0.0.1"
  resolved "https://nexus.app.iaf/repository/npm/indexof/-/indexof-0.0.1.tgz#1e0507062f92c7004e93922da5a835f881a0c57b"

inherits@2.0.3:
  version "2.0.3"
  resolved "https://nexus.app.iaf/repository/npm/inherits/-/inherits-2.0.3.tgz#5700838d305dd413fbc36e63b1c06841d02ae9d0"

inherits@2.0.4, inherits@^2.0.3, inherits@~2.0.1, inherits@~2.0.3:
  version "2.0.4"
  resolved "https://nexus.app.iaf/repository/npm/inherits/-/inherits-2.0.4.tgz#aaf29df2918233bbc0c5c40f70a87a61bae06cce"

ioredis@^4.14.0:
  version "4.28.5"
  resolved "https://nexus.app.iaf/repository/npm/ioredis/-/ioredis-4.28.5.tgz#38f65bf80787e548445990a821446a71e21a8781"
  dependencies:
    cluster-key-slot "^1.1.0"
    debug "^4.3.1"
    denque "^1.1.0"
    lodash.defaults "^4.2.0"
    lodash.flatten "^4.4.0"
    lodash.isarguments "^3.1.0"
    p-map "^2.1.0"
    redis-commands "1.7.0"
    redis-errors "^1.2.0"
    redis-parser "^3.0.0"
    standard-as-callback "^2.1.0"

ipaddr.js@1.9.1:
  version "1.9.1"
  resolved "https://nexus.app.iaf/repository/npm/ipaddr.js/-/ipaddr.js-1.9.1.tgz#eb70bdee010d55c0d8fa890028287f895897e40a"

isarray@0.0.1:
  version "0.0.1"
  resolved "https://nexus.app.iaf/repository/npm/isarray/-/isarray-0.0.1.tgz#e3f0ae19741eb60daa4fb0428700f5f23c534fc8"

isarray@~1.0.0:
  version "1.0.1"
  resolved "https://nexus.app.iaf/repository/npm/isarray/-/isarray-1.0.1.tgz#92cd2b3646288b2024ed159948bb081013d9b6b9"

isstream@0.1.x:
  version "0.1.2"
  resolved "https://nexus.app.iaf/repository/npm/isstream/-/isstream-0.1.2.tgz#dacbb680e5afa65b7c8d94522b2b13cde905c5ed"

json3@3.2.6:
  version "3.2.6"
  resolved "https://nexus.app.iaf/repository/npm/json3/-/json3-3.2.6.tgz#f9ca51595b8fb04de990b5b83eefa9b55101388b"

jsonfile@^6.0.1:
  version "6.1.0"
  resolved "https://nexus.app.iaf/repository/npm/jsonfile/-/jsonfile-6.1.0.tgz#bc55b2634793c679ec6403094eb13698a6ec0aae"
  dependencies:
    universalify "^2.0.0"
  optionalDependencies:
    graceful-fs "^4.1.6"

jsonwebtoken@^8.5.1:
  version "8.5.1"
  resolved "https://nexus.app.iaf/repository/npm/jsonwebtoken/-/jsonwebtoken-8.5.1.tgz#717c299b8594c447868659d3b8602d93aaaf4ccb"
  dependencies:
    jws "^3.2.2"
    lodash.includes "^4.3.0"
    lodash.isboolean "^3.0.3"
    lodash.isinteger "^4.0.4"
    lodash.isnumber "^3.0.3"
    lodash.isplainobject "^4.0.6"
    lodash.isstring "^4.0.1"
    lodash.once "^4.0.0"
    ms "^2.1.1"
    semver "^5.6.0"

jwa@^1.4.1:
  version "1.4.1"
  resolved "https://nexus.app.iaf/repository/npm/jwa/-/jwa-1.4.1.tgz#ff780870e3f459dfcfa2a732a47e440a483f73b4"
  dependencies:
    buffer-equal-constant-time "1.0.1"
    ecdsa-sig-formatter "1.0.11"
    safe-buffer "^5.0.1"

jws@^3.2.2:
  version "3.2.2"
  resolved "https://nexus.app.iaf/repository/npm/jws/-/jws-3.2.2.tgz#7f4bf04506407f387f219b8b70151fa72ff2aac4"
  dependencies:
    jwa "^1.4.1"
    safe-buffer "^5.0.1"

lodash.defaults@^4.2.0:
  version "4.2.0"
  resolved "https://nexus.app.iaf/repository/npm/lodash.defaults/-/lodash.defaults-4.2.0.tgz#ea6c05e6d36bb08edd352e4b8bc26cb59ab42675"

lodash.flatten@^4.4.0:
  version "4.4.0"
  resolved "https://nexus.app.iaf/repository/npm/lodash.flatten/-/lodash.flatten-4.4.0.tgz#4510debe438f27fc0347576f42b316dcaf9ab446"

lodash.includes@^4.3.0:
  version "4.3.0"
  resolved "https://nexus.app.iaf/repository/npm/lodash.includes/-/lodash.includes-4.3.0.tgz#92fdb207c07186a17dafd8ff4de84bc73d83babc"

lodash.isarguments@^3.1.0:
  version "3.1.0"
  resolved "https://nexus.app.iaf/repository/npm/lodash.isarguments/-/lodash.isarguments-3.1.0.tgz#5b3b2d052c487210e68436e1d78af98a98ff9041"

lodash.isboolean@^3.0.3:
  version "3.0.3"
  resolved "https://nexus.app.iaf/repository/npm/lodash.isboolean/-/lodash.isboolean-3.0.3.tgz#02ab4c24af9df6fd1688125c2838781c2e783768"

lodash.isinteger@^4.0.4:
  version "4.0.4"
  resolved "https://nexus.app.iaf/repository/npm/lodash.isinteger/-/lodash.isinteger-4.0.4.tgz#fb5ae0fbb3b302a37138cc8b719281195351dde1"

lodash.isnumber@^3.0.3:
  version "3.0.3"
  resolved "https://nexus.app.iaf/repository/npm/lodash.isnumber/-/lodash.isnumber-3.0.3.tgz#3ec1dc14ea22bb918fb641212ec57a0c1a67ddd0"

lodash.isplainobject@^4.0.6:
  version "4.0.6"
  resolved "https://nexus.app.iaf/repository/npm/lodash.isplainobject/-/lodash.isplainobject-4.0.6.tgz#bd8294daadb5cd503764aa798cdad5b29fd50b2c"

lodash.isstring@^4.0.1:
  version "4.0.1"
  resolved "https://nexus.app.iaf/repository/npm/lodash.isstring/-/lodash.isstring-4.0.1.tgz#0feb4fdfd6bcb50584b6fc1608dc29c4160aca7a"

lodash.once@^4.0.0:
  version "4.1.1"
  resolved "https://nexus.app.iaf/repository/npm/lodash.once/-/lodash.once-4.1.1.tgz#ab9d49e48ec73e4239615936cd54dda2f8dc0180"

lodash@4.17.21, lodash@^4.17.15:
  version "4.17.21"
  resolved "https://nexus.app.iaf/repository/npm/lodash/-/lodash-4.17.21.tgz#679591c564c3bffaae8454cf0b3df370c3d6911c"

lodash@~3.2.0:
  version "3.2.0"
  resolved "https://nexus.app.iaf/repository/npm/lodash/-/lodash-3.2.0.tgz#4bf50a3243f9aeb0bac41a55d3d5990675a462fb"

media-typer@0.3.0:
  version "0.3.0"
  resolved "https://nexus.app.iaf/repository/npm/media-typer/-/media-typer-0.3.0.tgz#ea003c1995e4f0a000e8fa329386a778e72f5784"

merge-descriptors@1.0.1:
  version "1.0.1"
  resolved "https://nexus.app.iaf/repository/npm/merge-descriptors/-/merge-descriptors-1.0.1.tgz#57f8e8e80fea2f071b288e9bed3ea6ed6322307e"

methods@~1.1.2:
  version "1.1.3"
  resolved "https://nexus.app.iaf/repository/npm/methods/-/methods-1.1.3.tgz#563c7c6ae37d79083be1520f000097277c20eea4"

mime-db@1.52.0:
  version "1.52.0"
  resolved "https://nexus.app.iaf/repository/npm/mime-db/-/mime-db-1.52.0.tgz#f70e778f1ef8d269d8e2c87feaa35580cea6d220"

mime-types@~2.1.24, mime-types@~2.1.34:
  version "2.1.35"
  resolved "https://nexus.app.iaf/repository/npm/mime-types/-/mime-types-2.1.35.tgz#01c2ab8acd01c9406c1bde44265198dd5e9c4c42"
  dependencies:
    mime-db "1.52.0"

mime@1.6.0:
  version "1.6.0"
  resolved "https://nexus.app.iaf/repository/npm/mime/-/mime-1.6.0.tgz#2f7fa39088c9486f36d7cd5c8b4515ab6b9cb7c2"

minimist@^1.2.6:
  version "1.2.7"
  resolved "https://nexus.app.iaf/repository/npm/minimist/-/minimist-1.2.7.tgz#daa1c4d91f507390437c6a8bc01078e7000c4d18"

mkdirp@^0.5.1:
  version "0.5.6"
  resolved "https://nexus.app.iaf/repository/npm/mkdirp/-/mkdirp-0.5.6.tgz#716ae730081454c233c7093b1319062415765348"
  dependencies:
    minimist "^1.2.6"

mongodb-core@2.1.20:
  version "2.1.20"
  resolved "https://nexus.app.iaf/repository/npm/mongodb-core/-/mongodb-core-2.1.20.tgz#62f91f7d5a51db24a77aff6f65821dd670e06db2"
  dependencies:
    bson "~1.0.4"
    require_optional "~1.0.0"

mongodb@^2.2.23:
  version "2.2.36"
  resolved "https://nexus.app.iaf/repository/npm/mongodb/-/mongodb-2.2.36.tgz#4007b315485579d53af2237c9f01751faa1b8acc"
  dependencies:
    es6-promise "3.2.1"
    mongodb-core "2.1.20"
    readable-stream "2.2.7"

ms@0.6.2:
  version "0.6.2"
  resolved "https://nexus.app.iaf/repository/npm/ms/-/ms-0.6.2.tgz#f6b2221f676e437e821b20f714f6f75ec36b10a1"

ms@2.0.0:
  version "2.0.0"
  resolved "https://nexus.app.iaf/repository/npm/ms/-/ms-2.0.0.tgz#91b414b67a2aebe2a3dc0b1b71576d6cc0709060"

ms@2.1.2:
  version "2.1.2"
  resolved "https://nexus.app.iaf/repository/npm/ms/-/ms-2.1.2.tgz#c87e1944b9584a5b895aaf5e892dddbcf37b6f48"

ms@2.1.3, ms@^2.1.1:
  version "2.1.3"
  resolved "https://nexus.app.iaf/repository/npm/ms/-/ms-2.1.3.tgz#574c8138ce1d2b5861f0b44579dbadd60c6615b2"

multer@1.4.2:
  version "1.4.2"
  resolved "https://nexus.app.iaf/repository/npm/multer/-/multer-1.4.2.tgz#a4d61e4d15003f320db43359a5a49163a70ef84a"
  dependencies:
    append-field "^1.0.0"
    busboy "^0.2.11"
    concat-stream "^1.5.2"
    mkdirp "^0.5.1"
    object-assign "^4.1.1"
    on-finished "^2.3.0"
    type-is "^1.6.4"
    xtend "^4.0.0"

nan@1.4.x:
  version "1.4.3"
  resolved "https://nexus.app.iaf/repository/npm/nan/-/nan-1.4.3.tgz#38b3ffb40c7b8b379a8dbd4785c08167ebfd027f"

nan@~0.3.0:
  version "0.3.2"
  resolved "https://nexus.app.iaf/repository/npm/nan/-/nan-0.3.2.tgz#0df1935cab15369075ef160ad2894107aa14dc2d"

negotiator@0.6.3:
  version "0.6.3"
  resolved "https://nexus.app.iaf/repository/npm/negotiator/-/negotiator-0.6.3.tgz#ae4c0ccfd8b3de632fcb3ccdec4bb37bc1e166fd"

node-forge@0.2.24:
  version "0.2.24"
  resolved "https://nexus.app.iaf/repository/npm/node-forge/-/node-forge-0.2.24.tgz#55b01a5f24a9c9385c421921f516e6b461847a27"

node-zookeeper-client@1.1.1:
  version "1.1.1"
  resolved "https://nexus.app.iaf/repository/npm/node-zookeeper-client/-/node-zookeeper-client-1.1.1.tgz#cf49d725721306ae8b744210ba05650dfdcdf7bb"
  dependencies:
    async "~0.2.7"
    underscore "~1.12.1"

object-assign@^4, object-assign@^4.1.1:
  version "4.1.2"
  resolved "https://nexus.app.iaf/repository/npm/object-assign/-/object-assign-4.1.2.tgz#253eb7c053b1c9889f53edb8402e56f88b46a382"

object-component@0.0.3:
  version "0.0.3"
  resolved "https://nexus.app.iaf/repository/npm/object-component/-/object-component-0.0.3.tgz#2e23443ba345f8dea37ab8385ebc9b990b1c32ad"

object-inspect@^1.9.0:
  version "1.12.3"
  resolved "https://nexus.app.iaf/repository/npm/object-inspect/-/object-inspect-1.12.3.tgz#ba62dffd67ee256c8c086dfae69e016cd1f198b9"

object-keys@1.0.1:
  version "1.0.1"
  resolved "https://nexus.app.iaf/repository/npm/object-keys/-/object-keys-1.0.1.tgz#55802e85842c26bbb5ebbc157abf3be302569ba8"

on-finished@2.4.1, on-finished@^2.3.0:
  version "2.4.1"
  resolved "https://nexus.app.iaf/repository/npm/on-finished/-/on-finished-2.4.1.tgz#58c8c44116e54845ad57f14ab10b03533184ac3f"
  dependencies:
    ee-first "1.1.1"

options@>=0.0.5:
  version "0.0.7"
  resolved "https://nexus.app.iaf/repository/npm/options/-/options-0.0.7.tgz#587cdc47047137800b145e193b7ec9082f7248be"

p-map@^2.1.0:
  version "2.1.0"
  resolved "https://nexus.app.iaf/repository/npm/p-map/-/p-map-2.1.0.tgz#f870271086787ce00baa4ffb63e2879f985fb9dc"

parsejson@0.0.1:
  version "0.0.1"
  resolved "https://nexus.app.iaf/repository/npm/parsejson/-/parsejson-0.0.1.tgz#7ff1ebccb2ca15d3289c3ebf167eabda55528d3d"
  dependencies:
    better-assert "~1.0.0"

parseqs@0.0.2:
  version "0.0.2"
  resolved "https://nexus.app.iaf/repository/npm/parseqs/-/parseqs-0.0.2.tgz#9dfe70b2cddac388bde4f35b1f240fa58adbe6c7"
  dependencies:
    better-assert "~1.0.0"

parseuri@0.0.2:
  version "0.0.2"
  resolved "https://nexus.app.iaf/repository/npm/parseuri/-/parseuri-0.0.2.tgz#db41878f2d6964718be870b3140973d8093be156"
  dependencies:
    better-assert "~1.0.0"

parseuri@0.0.4:
  version "0.0.4"
  resolved "https://nexus.app.iaf/repository/npm/parseuri/-/parseuri-0.0.4.tgz#806582a39887e1ea18dd5e2fe0e01902268e9350"
  dependencies:
    better-assert "~1.0.0"

parseurl@~1.3.3:
  version "1.3.3"
  resolved "https://nexus.app.iaf/repository/npm/parseurl/-/parseurl-1.3.3.tgz#91cd45dde438172d209ff832f33cf75ba0175c8c"

passport-saml@^0.15.0:
  version "0.15.0"
  resolved "https://nexus.app.iaf/repository/npm/passport-saml/-/passport-saml-0.15.0.tgz#033ae4264cfb154b1b9ed21e8df22b97504cfd6c"
  dependencies:
    passport-strategy "*"
    q "1.1.x"
    xml-crypto "0.8.x"
    xml-encryption "~0.7"
    xml2js "0.4.x"
    xmlbuilder "2.5.x"
    xmldom "0.1.x"

passport-strategy@*, passport-strategy@1.x.x:
  version "1.0.0"
  resolved "https://nexus.app.iaf/repository/npm/passport-strategy/-/passport-strategy-1.0.0.tgz#d8747f6910f11d94e414b29011a0561cbfb62fdf"

passport@^0.4.0:
  version "0.4.1"
  resolved "https://nexus.app.iaf/repository/npm/passport/-/passport-0.4.1.tgz#3e33a3f4ce1181d662f2317bd6addfabb157eecf"
  dependencies:
    passport-strategy "1.x.x"
    pause "0.0.1"

path-to-regexp@0.1.7:
  version "0.1.7"
  resolved "https://nexus.app.iaf/repository/npm/path-to-regexp/-/path-to-regexp-0.1.7.tgz#355de533f7a60b18dcd13a59bbf587f47c866685"

path@^0.12.7:
  version "0.12.7"
  resolved "https://nexus.app.iaf/repository/npm/path/-/path-0.12.7.tgz#83f7418456454190f325068efe5e011db5b9f01b"
  dependencies:
    process "^0.11.1"
    util "^0.10.3"

pause@0.0.1:
  version "0.0.1"
  resolved "https://nexus.app.iaf/repository/npm/pause/-/pause-0.0.1.tgz#70271ca1e32304e69f45f094ef25f25069b25682"

printj@~1.1.0:
  version "1.1.2"
  resolved "https://nexus.app.iaf/repository/npm/printj/-/printj-1.1.2.tgz#d90deb2975a8b9f600fb3a1c94e3f4c53c78a222"

printj@~1.2.2:
  version "1.2.3"
  resolved "https://nexus.app.iaf/repository/npm/printj/-/printj-1.2.3.tgz#2cfb2b192a1e5385dbbe5b46658ac34aa828508a"

printj@~1.3.0:
  version "1.3.1"
  resolved "https://nexus.app.iaf/repository/npm/printj/-/printj-1.3.1.tgz#9af6b1d55647a1587ac44f4c1654a4b95b8e12cb"

process-nextick-args@~1.0.6:
  version "1.0.8"
  resolved "https://nexus.app.iaf/repository/npm/process-nextick-args/-/process-nextick-args-1.0.8.tgz#c63175e467d632b8d4c4e24dc69bfbef69a3c39c"

process-nextick-args@~2.0.0:
  version "2.0.1"
  resolved "https://nexus.app.iaf/repository/npm/process-nextick-args/-/process-nextick-args-2.0.1.tgz#696aee8b6686db1cb7d510f48775ef44a6cb622f"

process@^0.11.1:
  version "0.11.11"
  resolved "https://nexus.app.iaf/repository/npm/process/-/process-0.11.11.tgz#dc2deb371fca13a73533a5bdda960a16506c1888"

proxy-addr@~2.0.7:
  version "2.0.7"
  resolved "https://nexus.app.iaf/repository/npm/proxy-addr/-/proxy-addr-2.0.7.tgz#f19fe69ceab311eeb94b42e70e8c2070f9ba1025"
  dependencies:
    forwarded "0.2.0"
    ipaddr.js "1.9.1"

q@1.1.x:
  version "1.1.2"
  resolved "https://nexus.app.iaf/repository/npm/q/-/q-1.1.2.tgz#ae41bdb9b3b2a0fbd385f9a369daca7d9f166d4f"

qs@6.11.0:
  version "6.11.0"
  resolved "https://nexus.app.iaf/repository/npm/qs/-/qs-6.11.0.tgz#fd0d963446f7a65e1367e01abd85429453f0c37a"
  dependencies:
    side-channel "^1.0.4"

range-parser@~1.2.1:
  version "1.2.1"
  resolved "https://nexus.app.iaf/repository/npm/range-parser/-/range-parser-1.2.1.tgz#43f781145dd81dbf3c9241aa5747e1c666fba8d2"

raw-body@2.5.1:
  version "2.5.1"
  resolved "https://nexus.app.iaf/repository/npm/raw-body/-/raw-body-2.5.1.tgz#fe1b1628b181b700215e5fd42389f98b71392857"
  dependencies:
    bytes "3.1.2"
    http-errors "2.0.0"
    iconv-lite "0.4.24"
    unpipe "1.0.0"

readable-stream@1.1.x:
  version "1.1.14"
  resolved "https://nexus.app.iaf/repository/npm/readable-stream/-/readable-stream-1.1.14.tgz#7c0948ce0809d45b1778f657c6bea0b46e7801b1"
  dependencies:
    core-util-is "~1.0.0"
    inherits "~2.0.1"
    isarray "0.0.1"
    string_decoder "~0.10.x"

readable-stream@2.2.7:
  version "2.2.7"
  resolved "https://nexus.app.iaf/repository/npm/readable-stream/-/readable-stream-2.2.7.tgz#bfface7a4dcab7b0b0e3aa68cfffef3c7960114a"
  dependencies:
    buffer-shims "~1.0.0"
    core-util-is "~1.0.0"
    inherits "~2.0.1"
    isarray "~1.0.0"
    process-nextick-args "~1.0.6"
    string_decoder "~1.0.0"
    util-deprecate "~1.0.1"

readable-stream@^2.2.2:
  version "2.3.7"
  resolved "https://nexus.app.iaf/repository/npm/readable-stream/-/readable-stream-2.3.7.tgz#8ac81cd18f0240b53dcc0cb98281bad44c96bcbb"
  dependencies:
    core-util-is "~1.0.0"
    inherits "~2.0.3"
    isarray "~1.0.0"
    process-nextick-args "~2.0.0"
    safe-buffer "~5.1.1"
    string_decoder "~1.1.1"
    util-deprecate "~1.0.1"

redis-commands@1.7.0:
  version "1.7.0"
  resolved "https://nexus.app.iaf/repository/npm/redis-commands/-/redis-commands-1.7.0.tgz#15a6fea2d58281e27b1cd1acfb4b293e278c3a89"

redis-errors@^1.0.0, redis-errors@^1.2.0:
  version "1.2.0"
  resolved "https://nexus.app.iaf/repository/npm/redis-errors/-/redis-errors-1.2.0.tgz#ebe073aa7dab351ceb3f03e2eb241a309ce1f5b0"

redis-parser@^3.0.0:
  version "3.0.0"
  resolved "https://nexus.app.iaf/repository/npm/redis-parser/-/redis-parser-3.0.0.tgz#364c6955390f20683f79a943b01942366a58691e"
  dependencies:
    redis-errors "^1.0.0"

require_optional@~1.0.0:
  version "1.0.2"
  resolved "https://nexus.app.iaf/repository/npm/require_optional/-/require_optional-1.0.2.tgz#1e942346dcd955957e1fd2135392a44344a0bf21"
  dependencies:
    resolve-from "^2.0.0"
    semver "^5.1.0"

resolve-from@^2.0.0:
  version "2.0.0"
  resolved "https://nexus.app.iaf/repository/npm/resolve-from/-/resolve-from-2.0.0.tgz#bb4f327ea8be1626bba18757d25b76bff3ee04aa"

router@^1.3.3:
  version "1.3.7"
  resolved "https://nexus.app.iaf/repository/npm/router/-/router-1.3.7.tgz#7d68cef5558febfd3438a23de07a0f8b92b873f1"
  dependencies:
    array-flatten "3.0.0"
    debug "2.6.9"
    methods "~1.1.2"
    parseurl "~1.3.3"
    path-to-regexp "0.1.7"
    setprototypeof "1.2.0"
    utils-merge "1.0.1"

rxjs@^7.5.5:
  version "7.8.0"
  resolved "https://nexus.app.iaf/repository/npm/rxjs/-/rxjs-7.8.0.tgz#90a938862a82888ff4c7359811a595e14e1e09a4"
  dependencies:
    tslib "^2.1.0"

safe-buffer@5.2.1, safe-buffer@^5.0.1:
  version "5.2.1"
  resolved "https://nexus.app.iaf/repository/npm/safe-buffer/-/safe-buffer-5.2.1.tgz#1eaf9fa9bdb1fdd4ec75f58f9cdb4e6b7827eec6"

safe-buffer@~5.1.0, safe-buffer@~5.1.1:
  version "5.1.2"
  resolved "https://nexus.app.iaf/repository/npm/safe-buffer/-/safe-buffer-5.1.2.tgz#5c37e3df5d6c7a8e5c4734050f363df709bfa5b1"

"safer-buffer@>= 2.1.2 < 3":
  version "2.1.2"
  resolved "https://nexus.app.iaf/repository/npm/safer-buffer/-/safer-buffer-2.1.2.tgz#2d683de715896e2ec34a3bedfe69b8de7558fae0"

sax@>=0.6.0:
  version "1.2.4"
  resolved "https://nexus.app.iaf/repository/npm/sax/-/sax-1.2.4.tgz#5edd13c449fa7e53fecae9d8cd0d473f74a34b40"

semver@^5.1.0, semver@^5.6.0:
  version "5.7.1"
  resolved "https://nexus.app.iaf/repository/npm/semver/-/semver-5.7.1.tgz#5b75ce904689ddbc5bb69b74864fabbc982fb6ad"

send@0.18.0:
  version "0.18.0"
  resolved "https://nexus.app.iaf/repository/npm/send/-/send-0.18.0.tgz#670167cc654b05f5aa4a767f9113bb371bc706be"
  dependencies:
    debug "2.6.9"
    depd "2.0.0"
    destroy "1.2.0"
    encodeurl "~1.0.2"
    escape-html "~1.0.3"
    etag "~1.8.1"
    fresh "0.5.2"
    http-errors "2.0.0"
    mime "1.6.0"
    ms "2.1.3"
    on-finished "2.4.1"
    range-parser "~1.2.1"
    statuses "2.0.1"

serve-static@1.15.0:
  version "1.15.0"
  resolved "https://nexus.app.iaf/repository/npm/serve-static/-/serve-static-1.15.0.tgz#faaef08cffe0a1a62f60cad0c4e513cff0ac9540"
  dependencies:
    encodeurl "~1.0.2"
    escape-html "~1.0.3"
    parseurl "~1.3.3"
    send "0.18.0"

setprototypeof@1.2.0:
  version "1.2.0"
  resolved "https://nexus.app.iaf/repository/npm/setprototypeof/-/setprototypeof-1.2.0.tgz#66c9a24a73f9fc28cbe66b09fed3d33dcaf1b424"

side-channel@^1.0.4:
  version "1.0.4"
  resolved "https://nexus.app.iaf/repository/npm/side-channel/-/side-channel-1.0.4.tgz#efce5c8fdc104ee751b25c58d4290011fa5ea2cf"
  dependencies:
    call-bind "^1.0.0"
    get-intrinsic "^1.0.2"
    object-inspect "^1.9.0"

socket.io-adapter@0.3.1:
  version "0.3.1"
  resolved "https://nexus.app.iaf/repository/npm/socket.io-adapter/-/socket.io-adapter-0.3.1.tgz#df81f970b4df6493902d93e519c7b72755c3a958"
  dependencies:
    debug "1.0.2"
    object-keys "1.0.1"
    socket.io-parser "2.2.2"

socket.io-client@27.2.1:
  version "27.2.1"
  resolved "https://nexus.app.iaf/repository/npm/socket.io-client/-/socket.io-client-27.2.1.tgz#dacc48e9d0f7700dc0005de4a3dc79f69e5075e6"
  dependencies:
    component-bind "1.0.0"
    component-emitter "1.1.2"
    debug "0.7.4"
    engine.io-client "27.4.3"
    has-binary "0.1.5"
    indexof "0.0.1"
    object-component "0.0.3"
    parseuri "0.0.2"
    socket.io-parser "2.2.2"
    to-array "0.1.3"

socket.io-parser@2.2.2:
  version "2.2.2"
  resolved "https://nexus.app.iaf/repository/npm/socket.io-parser/-/socket.io-parser-2.2.2.tgz#3d7af6b64497e956b7d9fe775f999716027f9417"
  dependencies:
    benchmark "1.0.0"
    component-emitter "1.1.2"
    debug "0.7.4"
    isarray "0.0.1"
    json3 "3.2.6"

socket.io@*, socket.io@^28.2.1:
  version "28.2.1"
  resolved "https://nexus.app.iaf/repository/npm/socket.io/-/socket.io-28.2.1.tgz#c150c6f7a1b80cc5d1a0d61688838444d943c440"
  dependencies:
    debug "0.7.4"
    engine.io "1.5.1"
    has-binary-data "0.1.3"
    socket.io-adapter "0.3.1"
    socket.io-client "27.2.1"
    socket.io-parser "2.2.2"

ssf@~0.10.3:
  version "0.10.3"
  resolved "https://nexus.app.iaf/repository/npm/ssf/-/ssf-0.10.3.tgz#3d60556ff96d1e569fff073b345015af59362900"
  dependencies:
    frac "~1.1.2"

stack-trace@0.0.x:
  version "0.0.10"
  resolved "https://nexus.app.iaf/repository/npm/stack-trace/-/stack-trace-0.0.10.tgz#cf389de60265c8e9774b6fb6ba46f878ad4d86b4"

standard-as-callback@^2.1.0:
  version "2.1.0"
  resolved "https://nexus.app.iaf/repository/npm/standard-as-callback/-/standard-as-callback-2.1.0.tgz#8953fc05359868a77b5b9739a665c5977bb7df45"

statuses@2.0.1:
  version "2.0.1"
  resolved "https://nexus.app.iaf/repository/npm/statuses/-/statuses-2.0.1.tgz#55cb000ccf1d48728bd23c685a063998cf1a1b63"

streamsearch@0.1.2:
  version "0.1.2"
  resolved "https://nexus.app.iaf/repository/npm/streamsearch/-/streamsearch-0.1.2.tgz#a67b41c1e21147a4c9b05e61b09be6e2a1e1a594"

string_decoder@~0.10.x:
  version "0.10.32"
  resolved "https://nexus.app.iaf/repository/npm/string_decoder/-/string_decoder-0.10.32.tgz#3faa9a6e207a59eef8ca893cd22f88fed7b72dbb"

string_decoder@~1.0.0:
  version "1.0.3"
  resolved "https://nexus.app.iaf/repository/npm/string_decoder/-/string_decoder-1.0.3.tgz#9e66a07b130c076242176d5120c15ca2abb75094"
  dependencies:
    safe-buffer "~5.1.0"

string_decoder@~1.1.1:
  version "1.1.1"
  resolved "https://nexus.app.iaf/repository/npm/string_decoder/-/string_decoder-1.1.1.tgz#4f1b17087a30e376f35f3bd175a08c42ac34fd91"
  dependencies:
    safe-buffer "~5.1.0"

tinycolor@0.x:
  version "0.0.1"
  resolved "https://nexus.app.iaf/repository/npm/tinycolor/-/tinycolor-0.0.1.tgz#29f94f4d8b07170ce3d84cb0f6b1046c4fc32a81"

to-array@0.1.3:
  version "0.1.3"
  resolved "https://nexus.app.iaf/repository/npm/to-array/-/to-array-0.1.3.tgz#d45dadc6363417f60f28474fea50ecddbb4f4991"

toidentifier@1.0.1:
  version "1.0.1"
  resolved "https://nexus.app.iaf/repository/npm/toidentifier/-/toidentifier-1.0.1.tgz#3772f3e40e2ede751e47a00b618152c1376b5c50"

tslib@^2.1.0:
  version "2.4.1"
  resolved "https://nexus.app.iaf/repository/npm/tslib/-/tslib-2.4.1.tgz#0d0bfbaac2880b91e22df0768e55be9753a5b17e"

type-is@^1.6.4, type-is@~1.6.18:
  version "1.6.18"
  resolved "https://nexus.app.iaf/repository/npm/type-is/-/type-is-1.6.18.tgz#177a2467ab61f349c8c9a320945cd045d00e350c"
  dependencies:
    media-typer "0.3.0"
    mime-types "~2.1.24"

typedarray@^0.0.6:
  version "0.0.6"
  resolved "https://nexus.app.iaf/repository/npm/typedarray/-/typedarray-0.0.6.tgz#06aa951c0da498a4b21dfe97b5ca9e8183c4a429"

ultron@1.0.x:
  version "1.0.3"
  resolved "https://nexus.app.iaf/repository/npm/ultron/-/ultron-1.0.3.tgz#75466b3787d77a6c127ba6f0d27b09a0319c8cd2"

underscore@~1.12.1:
  version "1.12.1"
  resolved "https://nexus.app.iaf/repository/npm/underscore/-/underscore-1.12.1.tgz#7bb8cc9b3d397e201cf8553336d262544ead829e"

universalify@^2.0.0:
  version "2.0.0"
  resolved "https://nexus.app.iaf/repository/npm/universalify/-/universalify-2.0.0.tgz#75a4984efedc4b08975c5aeb73f530d02df25717"

unpipe@1.0.0:
  version "1.0.0"
  resolved "https://nexus.app.iaf/repository/npm/unpipe/-/unpipe-1.0.0.tgz#cbe11db86772f7e32bfe490ffc41b64174352786"

unpipe@~1.0.0:
  version "1.0.1"
  resolved "https://nexus.app.iaf/repository/npm/unpipe/-/unpipe-1.0.1.tgz#1356f8c79eba16d413a5a5d593dfa35b5eacf237"

utf8@2.0.0:
  version "2.0.0"
  resolved "https://nexus.app.iaf/repository/npm/utf8/-/utf8-2.0.0.tgz#b5b3e51270fb2dfeb53ed7fb031b7c7f9aeae835"

util-deprecate@~1.0.1:
  version "1.0.3"
  resolved "https://nexus.app.iaf/repository/npm/util-deprecate/-/util-deprecate-1.0.3.tgz#3e88f67481cb70424504763732ac7973141b1bae"

util@^0.10.3:
  version "0.10.4"
  resolved "https://nexus.app.iaf/repository/npm/util/-/util-0.10.4.tgz#3aa0125bfe668a4672de58857d3ace27ecb76901"
  dependencies:
    inherits "2.0.3"

utils-merge@1.0.1:
  version "1.0.1"
  resolved "https://nexus.app.iaf/repository/npm/utils-merge/-/utils-merge-1.0.1.tgz#0c59412680e103c961a22c01ff768460f4b8771a"

vary@^1, vary@~1.1.2:
  version "1.1.2"
  resolved "https://nexus.app.iaf/repository/npm/vary/-/vary-1.1.2.tgz#c08a02dfd29d34e2ccb920271762288ce2fc8c51"

winston@2.4.5:
  version "2.4.5"
  resolved "https://nexus.app.iaf/repository/npm/winston/-/winston-2.4.5.tgz#f2e431d56154c4ea765545fc1003bd340c95b59a"
  dependencies:
    async "~1.0.0"
    colors "1.0.x"
    cycle "1.0.x"
    eyes "0.1.x"
    isstream "0.1.x"
    stack-trace "0.0.x"

wmf@~1.0.1:
  version "1.0.2"
  resolved "https://nexus.app.iaf/repository/npm/wmf/-/wmf-1.0.2.tgz#d22971ec0051b881d003c3c598e2424d339d2726"

ws@0.4.31:
  version "0.4.31"
  resolved "https://nexus.app.iaf/repository/npm/ws/-/ws-0.4.31.tgz#5a4849e7a9ccd1ed5a81aeb4847c9fedf3122927"
  dependencies:
    commander "~0.6.1"
    nan "~0.3.0"
    options ">=0.0.5"
    tinycolor "0.x"

ws@0.5.0:
  version "0.5.0"
  resolved "https://nexus.app.iaf/repository/npm/ws/-/ws-0.5.0.tgz#b3980391dc4777d83974718aa361e808d86cf9ca"
  dependencies:
    nan "1.4.x"
    options ">=0.0.5"
    ultron "1.0.x"

xlsx@^0.15.5:
  version "0.15.6"
  resolved "https://nexus.app.iaf/repository/npm/xlsx/-/xlsx-0.15.6.tgz#f5d15eef347210a27953e91be71da5eb0304f960"
  dependencies:
    adler-32 "~1.2.0"
    cfb "^1.1.4"
    codepage "~1.14.0"
    commander "~2.17.1"
    crc-32 "~1.2.0"
    exit-on-epipe "~1.0.1"
    ssf "~0.10.3"
    wmf "~1.0.1"

xml-crypto@0.8.x:
  version "0.8.5"
  resolved "https://nexus.app.iaf/repository/npm/xml-crypto/-/xml-crypto-0.8.5.tgz#71c9332d926e4023be5134f84e0a31555a7371ba"
  dependencies:
    xmldom "=0.1.19"
    xpath.js ">=0.0.3"

xml-encryption@~0.7:
  version "0.7.4"
  resolved "https://nexus.app.iaf/repository/npm/xml-encryption/-/xml-encryption-0.7.4.tgz#54d4c0628c5ca80eea14254a8610b2bb7e9f2bfc"
  dependencies:
    async "~0.2.7"
    ejs "~0.8.3"
    node-forge "0.2.24"
    xmldom "~0.1.15"
    xpath "0.0.5"

xml2js@0.4.x:
  version "0.4.23"
  resolved "https://nexus.app.iaf/repository/npm/xml2js/-/xml2js-0.4.23.tgz#e5cfd9645c4320168e0bdc9f5ed277d9a116c2ca"
  dependencies:
    sax ">=0.6.0"
    xmlbuilder "~11.0.0"

xmlbuilder@2.5.x:
  version "2.5.2"
  resolved "https://nexus.app.iaf/repository/npm/xmlbuilder/-/xmlbuilder-2.5.2.tgz#5ab88fc508ab2ff14873010b56163d3f92b19325"
  dependencies:
    lodash "~3.2.0"

xmlbuilder@~11.0.0:
  version "11.0.1"
  resolved "https://nexus.app.iaf/repository/npm/xmlbuilder/-/xmlbuilder-11.0.1.tgz#ccae5b9d0511e2b095d4e8df2b144342a017b465"

xmldom@0.1.x, xmldom@~0.1.15:
  version "0.1.31"
  resolved "https://nexus.app.iaf/repository/npm/xmldom/-/xmldom-0.1.31.tgz#581ce45a0d40905c5aec9e5a5c2498b7cdf51ea9"

xmldom@=0.1.19:
  version "0.1.19"
  resolved "https://nexus.app.iaf/repository/npm/xmldom/-/xmldom-0.1.19.tgz#478faf9e44c6a11c8d51d905e70198b4c30cd3c2"

xmlhttprequest@22.5.0:
  version "22.5.0"
  resolved "https://nexus.app.iaf/repository/npm/xmlhttprequest/-/xmlhttprequest-22.5.0.tgz#6c9d13cd6d8a3f8416d4ce74d7e77543610b05c0"

xpath.js@>=0.0.3:
  version "1.1.0"
  resolved "https://nexus.app.iaf/repository/npm/xpath.js/-/xpath.js-1.1.0.tgz#efe48bb292452e6b6bece0101cc9c2fa4c1ee976"

xpath@0.0.5:
  version "0.0.5"
  resolved "https://nexus.app.iaf/repository/npm/xpath/-/xpath-0.0.5.tgz#d459d88045fa92930696022c97b605292d1cbc34"

xtend@^4.0.0:
  version "4.0.2"
  resolved "https://nexus.app.iaf/repository/npm/xtend/-/xtend-4.0.2.tgz#eec6f84eba709acb5921b30cbd8f216c80761e59"
